
Microsoft Visual Studio Solution File, Format Version 12.00
# Visual Studio 15
VisualStudioVersion = 15.0.28307.438
MinimumVisualStudioVersion = 10.0.40219.1
Project("{FAE04EC0-301F-11D3-BF4B-00C04F79EFBC}") = "App02_TipoPaginaXF.Android", "App02_TipoPaginaXF\App02_TipoPaginaXF.Android\App02_TipoPaginaXF.Android.csproj", "{45FEB60D-08DB-4F58-99A9-341C03B3D517}"
EndProject
Project("{FAE04EC0-301F-11D3-BF4B-00C04F79EFBC}") = "App02_TipoPaginaXF.iOS", "App02_TipoPaginaXF\App02_TipoPaginaXF.iOS\App02_TipoPaginaXF.iOS.csproj", "{EDF22616-20E4-4CA2-A5B0-18C7C54DA52B}"
EndProject
Project("{FAE04EC0-301F-11D3-BF4B-00C04F79EFBC}") = "App02_TipoPaginaXF", "App02_TipoPaginaXF\App02_TipoPaginaXF\App02_TipoPaginaXF.csproj", "{DD1481B0-2712-4DC3-999D-D5FE84FCCEE0}"
EndProject
Global
	GlobalSection(SolutionConfigurationPlatforms) = preSolution
		Ad-Hoc|Any CPU = Ad-Hoc|Any CPU
		Ad-Hoc|iPhone = Ad-Hoc|iPhone
		Ad-Hoc|iPhoneSimulator = Ad-Hoc|iPhoneSimulator
		AppStore|Any CPU = AppStore|Any CPU
		AppStore|iPhone = AppStore|iPhone
		AppStore|iPhoneSimulator = AppStore|iPhoneSimulator
		Debug|Any CPU = Debug|Any CPU
		Debug|iPhone = Debug|iPhone
		Debug|iPhoneSimulator = Debug|iPhoneSimulator
		Release|Any CPU = Release|Any CPU
		Release|iPhone = Release|iPhone
		Release|iPhoneSimulator = Release|iPhoneSimulator
	EndGlobalSection
	GlobalSection(ProjectConfigurationPlatforms) = postSolution
		{45FEB60D-08DB-4F58-99A9-341C03B3D517}.Ad-Hoc|Any CPU.ActiveCfg = Release|Any CPU
		{45FEB60D-08DB-4F58-99A9-341C03B3D517}.Ad-Hoc|Any CPU.Build.0 = Release|Any CPU
		{45FEB60D-08DB-4F58-99A9-341C03B3D517}.Ad-Hoc|Any CPU.Deploy.0 = Release|Any CPU
		{45FEB60D-08DB-4F58-99A9-341C03B3D517}.Ad-Hoc|iPhone.ActiveCfg = Release|Any CPU
		{45FEB60D-08DB-4F58-99A9-341C03B3D517}.Ad-Hoc|iPhone.Build.0 = Release|Any CPU
		{45FEB60D-08DB-4F58-99A9-341C03B3D517}.Ad-Hoc|iPhone.Deploy.0 = Release|Any CPU
		{45FEB60D-08DB-4F58-99A9-341C03B3D517}.Ad-Hoc|iPhoneSimulator.ActiveCfg = Release|Any CPU
		{45FEB60D-08DB-4F58-99A9-341C03B3D517}.Ad-Hoc|iPhoneSimulator.Build.0 = Release|Any CPU
		{45FEB60D-08DB-4F58-99A9-341C03B3D517}.Ad-Hoc|iPhoneSimulator.Deploy.0 = Release|Any CPU
		{45FEB60D-08DB-4F58-99A9-341C03B3D517}.AppStore|Any CPU.ActiveCfg = Release|Any CPU
		{45FEB60D-08DB-4F58-99A9-341C03B3D517}.AppStore|Any CPU.Build.0 = Release|Any CPU
		{45FEB60D-08DB-4F58-99A9-341C03B3D517}.AppStore|Any CPU.Deploy.0 = Release|Any CPU
		{45FEB60D-08DB-4F58-99A9-341C03B3D517}.AppStore|iPhone.ActiveCfg = Release|Any CPU
		{45FEB60D-08DB-4F58-99A9-341C03B3D517}.AppStore|iPhone.Build.0 = Release|Any CPU
		{45FEB60D-08DB-4F58-99A9-341C03B3D517}.AppStore|iPhone.Deploy.0 = Release|Any CPU
		{45FEB60D-08DB-4F58-99A9-341C03B3D517}.AppStore|iPhoneSimulator.ActiveCfg = Release|Any CPU
		{45FEB60D-08DB-4F58-99A9-341C03B3D517}.AppStore|iPhoneSimulator.Build.0 = Release|Any CPU
		{45FEB60D-08DB-4F58-99A9-341C03B3D517}.AppStore|iPhoneSimulator.Deploy.0 = Release|Any CPU
		{45FEB60D-08DB-4F58-99A9-341C03B3D517}.Debug|Any CPU.ActiveCfg = Debug|Any CPU
		{45FEB60D-08DB-4F58-99A9-341C03B3D517}.Debug|Any CPU.Build.0 = Debug|Any CPU
		{45FEB60D-08DB-4F58-99A9-341C03B3D517}.Debug|Any CPU.Deploy.0 = Debug|Any CPU
		{45FEB60D-08DB-4F58-99A9-341C03B3D517}.Debug|iPhone.ActiveCfg = Debug|Any CPU
		{45FEB60D-08DB-4F58-99A9-341C03B3D517}.Debug|iPhone.Build.0 = Debug|Any CPU
		{45FEB60D-08DB-4F58-99A9-341C03B3D517}.Debug|iPhone.Deploy.0 = Debug|Any CPU
		{45FEB60D-08DB-4F58-99A9-341C03B3D517}.Debug|iPhoneSimulator.ActiveCfg = Debug|Any CPU
		{45FEB60D-08DB-4F58-99A9-341C03B3D517}.Debug|iPhoneSimulator.Build.0 = Debug|Any CPU
		{45FEB60D-08DB-4F58-99A9-341C03B3D517}.Debug|iPhoneSimulator.Deploy.0 = Debug|Any CPU
		{45FEB60D-08DB-4F58-99A9-341C03B3D517}.Release|Any CPU.ActiveCfg = Release|Any CPU
		{45FEB60D-08DB-4F58-99A9-341C03B3D517}.Release|Any CPU.Build.0 = Release|Any CPU
		{45FEB60D-08DB-4F58-99A9-341C03B3D517}.Release|Any CPU.Deploy.0 = Release|Any CPU
		{45FEB60D-08DB-4F58-99A9-341C03B3D517}.Release|iPhone.ActiveCfg = Release|Any CPU
		{45FEB60D-08DB-4F58-99A9-341C03B3D517}.Release|iPhone.Build.0 = Release|Any CPU
		{45FEB60D-08DB-4F58-99A9-341C03B3D517}.Release|iPhone.Deploy.0 = Release|Any CPU
		{45FEB60D-08DB-4F58-99A9-341C03B3D517}.Release|iPhoneSimulator.ActiveCfg = Release|Any CPU
		{45FEB60D-08DB-4F58-99A9-341C03B3D517}.Release|iPhoneSimulator.Build.0 = Release|Any CPU
		{45FEB60D-08DB-4F58-99A9-341C03B3D517}.Release|iPhoneSimulator.Deploy.0 = Release|Any CPU
		{EDF22616-20E4-4CA2-A5B0-18C7C54DA52B}.Ad-Hoc|Any CPU.ActiveCfg = Ad-Hoc|iPhone
		{EDF22616-20E4-4CA2-A5B0-18C7C54DA52B}.Ad-Hoc|Any CPU.Build.0 = Ad-Hoc|iPhone
		{EDF22616-20E4-4CA2-A5B0-18C7C54DA52B}.Ad-Hoc|Any CPU.Deploy.0 = Ad-Hoc|iPhone
		{EDF22616-20E4-4CA2-A5B0-18C7C54DA52B}.Ad-Hoc|iPhone.ActiveCfg = Ad-Hoc|iPhone
		{EDF22616-20E4-4CA2-A5B0-18C7C54DA52B}.Ad-Hoc|iPhone.Build.0 = Ad-Hoc|iPhone
		{EDF22616-20E4-4CA2-A5B0-18C7C54DA52B}.Ad-Hoc|iPhone.Deploy.0 = Ad-Hoc|iPhone
		{EDF22616-20E4-4CA2-A5B0-18C7C54DA52B}.Ad-Hoc|iPhoneSimulator.ActiveCfg = Ad-Hoc|iPhoneSimulator
		{EDF22616-20E4-4CA2-A5B0-18C7C54DA52B}.Ad-Hoc|iPhoneSimulator.Build.0 = Ad-Hoc|iPhoneSimulator
		{EDF22616-20E4-4CA2-A5B0-18C7C54DA52B}.Ad-Hoc|iPhoneSimulator.Deploy.0 = Ad-Hoc|iPhoneSimulator
		{EDF22616-20E4-4CA2-A5B0-18C7C54DA52B}.AppStore|Any CPU.ActiveCfg = AppStore|iPhone
		{EDF22616-20E4-4CA2-A5B0-18C7C54DA52B}.AppStore|Any CPU.Build.0 = AppStore|iPhone
		{EDF22616-20E4-4CA2-A5B0-18C7C54DA52B}.AppStore|Any CPU.Deploy.0 = AppStore|iPhone
		{EDF22616-20E4-4CA2-A5B0-18C7C54DA52B}.AppStore|iPhone.ActiveCfg = AppStore|iPhone
		{EDF22616-20E4-4CA2-A5B0-18C7C54DA52B}.AppStore|iPhone.Build.0 = AppStore|iPhone
		{EDF22616-20E4-4CA2-A5B0-18C7C54DA52B}.AppStore|iPhone.Deploy.0 = AppStore|iPhone
		{EDF22616-20E4-4CA2-A5B0-18C7C54DA52B}.AppStore|iPhoneSimulator.ActiveCfg = AppStore|iPhoneSimulator
		{EDF22616-20E4-4CA2-A5B0-18C7C54DA52B}.AppStore|iPhoneSimulator.Build.0 = AppStore|iPhoneSimulator
		{EDF22616-20E4-4CA2-A5B0-18C7C54DA52B}.AppStore|iPhoneSimulator.Deploy.0 = AppStore|iPhoneSimulator
		{EDF22616-20E4-4CA2-A5B0-18C7C54DA52B}.Debug|Any CPU.ActiveCfg = Debug|iPhoneSimulator
		{EDF22616-20E4-4CA2-A5B0-18C7C54DA52B}.Debug|Any CPU.Build.0 = Debug|iPhoneSimulator
		{EDF22616-20E4-4CA2-A5B0-18C7C54DA52B}.Debug|Any CPU.Deploy.0 = Debug|iPhoneSimulator
		{EDF22616-20E4-4CA2-A5B0-18C7C54DA52B}.Debug|iPhone.ActiveCfg = Debug|iPhone
		{EDF22616-20E4-4CA2-A5B0-18C7C54DA52B}.Debug|iPhone.Build.0 = Debug|iPhone
		{EDF22616-20E4-4CA2-A5B0-18C7C54DA52B}.Debug|iPhone.Deploy.0 = Debug|iPhone
		{EDF22616-20E4-4CA2-A5B0-18C7C54DA52B}.Debug|iPhoneSimulator.ActiveCfg = Debug|iPhoneSimulator
		{EDF22616-20E4-4CA2-A5B0-18C7C54DA52B}.Debug|iPhoneSimulator.Build.0 = Debug|iPhoneSimulator
		{EDF22616-20E4-4CA2-A5B0-18C7C54DA52B}.Debug|iPhoneSimulator.Deploy.0 = Debug|iPhoneSimulator
		{EDF22616-20E4-4CA2-A5B0-18C7C54DA52B}.Release|Any CPU.ActiveCfg = Release|iPhone
		{EDF22616-20E4-4CA2-A5B0-18C7C54DA52B}.Release|Any CPU.Build.0 = Release|iPhone
		{EDF22616-20E4-4CA2-A5B0-18C7C54DA52B}.Release|Any CPU.Deploy.0 = Release|iPhone
		{EDF22616-20E4-4CA2-A5B0-18C7C54DA52B}.Release|iPhone.ActiveCfg = Release|iPhone
		{EDF22616-20E4-4CA2-A5B0-18C7C54DA52B}.Release|iPhone.Build.0 = Release|iPhone
		{EDF22616-20E4-4CA2-A5B0-18C7C54DA52B}.Release|iPhone.Deploy.0 = Release|iPhone
		{EDF22616-20E4-4CA2-A5B0-18C7C54DA52B}.Release|iPhoneSimulator.ActiveCfg = Release|iPhoneSimulator
		{EDF22616-20E4-4CA2-A5B0-18C7C54DA52B}.Release|iPhoneSimulator.Build.0 = Release|iPhoneSimulator
		{EDF22616-20E4-4CA2-A5B0-18C7C54DA52B}.Release|iPhoneSimulator.Deploy.0 = Release|iPhoneSimulator
		{DD1481B0-2712-4DC3-999D-D5FE84FCCEE0}.Ad-Hoc|Any CPU.ActiveCfg = Debug|Any CPU
		{DD1481B0-2712-4DC3-999D-D5FE84FCCEE0}.Ad-Hoc|Any CPU.Build.0 = Debug|Any CPU
		{DD1481B0-2712-4DC3-999D-D5FE84FCCEE0}.Ad-Hoc|Any CPU.Deploy.0 = Debug|Any CPU
		{DD1481B0-2712-4DC3-999D-D5FE84FCCEE0}.Ad-Hoc|iPhone.ActiveCfg = Debug|Any CPU
		{DD1481B0-2712-4DC3-999D-D5FE84FCCEE0}.Ad-Hoc|iPhone.Build.0 = Debug|Any CPU
		{DD1481B0-2712-4DC3-999D-D5FE84FCCEE0}.Ad-Hoc|iPhone.Deploy.0 = Debug|Any CPU
		{DD1481B0-2712-4DC3-999D-D5FE84FCCEE0}.Ad-Hoc|iPhoneSimulator.ActiveCfg = Debug|Any CPU
		{DD1481B0-2712-4DC3-999D-D5FE84FCCEE0}.Ad-Hoc|iPhoneSimulator.Build.0 = Debug|Any CPU
		{DD1481B0-2712-4DC3-999D-D5FE84FCCEE0}.Ad-Hoc|iPhoneSimulator.Deploy.0 = Debug|Any CPU
		{DD1481B0-2712-4DC3-999D-D5FE84FCCEE0}.AppStore|Any CPU.ActiveCfg = Debug|Any CPU
		{DD1481B0-2712-4DC3-999D-D5FE84FCCEE0}.AppStore|Any CPU.Build.0 = Debug|Any CPU
		{DD1481B0-2712-4DC3-999D-D5FE84FCCEE0}.AppStore|Any CPU.Deploy.0 = Debug|Any CPU
		{DD1481B0-2712-4DC3-999D-D5FE84FCCEE0}.AppStore|iPhone.ActiveCfg = Debug|Any CPU
		{DD1481B0-2712-4DC3-999D-D5FE84FCCEE0}.AppStore|iPhone.Build.0 = Debug|Any CPU
		{DD1481B0-2712-4DC3-999D-D5FE84FCCEE0}.AppStore|iPhone.Deploy.0 = Debug|Any CPU
		{DD1481B0-2712-4DC3-999D-D5FE84FCCEE0}.AppStore|iPhoneSimulator.ActiveCfg = Debug|Any CPU
		{DD1481B0-2712-4DC3-999D-D5FE84FCCEE0}.AppStore|iPhoneSimulator.Build.0 = Debug|Any CPU
		{DD1481B0-2712-4DC3-999D-D5FE84FCCEE0}.AppStore|iPhoneSimulator.Deploy.0 = Debug|Any CPU
		{DD1481B0-2712-4DC3-999D-D5FE84FCCEE0}.Debug|Any CPU.ActiveCfg = Debug|Any CPU
		{DD1481B0-2712-4DC3-999D-D5FE84FCCEE0}.Debug|Any CPU.Build.0 = Debug|Any CPU
		{DD1481B0-2712-4DC3-999D-D5FE84FCCEE0}.Debug|Any CPU.Deploy.0 = Debug|Any CPU
		{DD1481B0-2712-4DC3-999D-D5FE84FCCEE0}.Debug|iPhone.ActiveCfg = Debug|Any CPU
		{DD1481B0-2712-4DC3-999D-D5FE84FCCEE0}.Debug|iPhone.Build.0 = Debug|Any CPU
		{DD1481B0-2712-4DC3-999D-D5FE84FCCEE0}.Debug|iPhone.Deploy.0 = Debug|Any CPU
		{DD1481B0-2712-4DC3-999D-D5FE84FCCEE0}.Debug|iPhoneSimulator.ActiveCfg = Debug|Any CPU
		{DD1481B0-2712-4DC3-999D-D5FE84FCCEE0}.Debug|iPhoneSimulator.Build.0 = Debug|Any CPU
		{DD1481B0-2712-4DC3-999D-D5FE84FCCEE0}.Debug|iPhoneSimulator.Deploy.0 = Debug|Any CPU
		{DD1481B0-2712-4DC3-999D-D5FE84FCCEE0}.Release|Any CPU.ActiveCfg = Release|Any CPU
		{DD1481B0-2712-4DC3-999D-D5FE84FCCEE0}.Release|Any CPU.Build.0 = Release|Any CPU
		{DD1481B0-2712-4DC3-999D-D5FE84FCCEE0}.Release|Any CPU.Deploy.0 = Release|Any CPU
		{DD1481B0-2712-4DC3-999D-D5FE84FCCEE0}.Release|iPhone.ActiveCfg = Release|Any CPU
		{DD1481B0-2712-4DC3-999D-D5FE84FCCEE0}.Release|iPhone.Build.0 = Release|Any CPU
		{DD1481B0-2712-4DC3-999D-D5FE84FCCEE0}.Release|iPhone.Deploy.0 = Release|Any CPU
		{DD1481B0-2712-4DC3-999D-D5FE84FCCEE0}.Release|iPhoneSimulator.ActiveCfg = Release|Any CPU
		{DD1481B0-2712-4DC3-999D-D5FE84FCCEE0}.Release|iPhoneSimulator.Build.0 = Release|Any CPU
		{DD1481B0-2712-4DC3-999D-D5FE84FCCEE0}.Release|iPhoneSimulator.Deploy.0 = Release|Any CPU
	EndGlobalSection
	GlobalSection(SolutionProperties) = preSolution
		HideSolutionNode = FALSE
	EndGlobalSection
	GlobalSection(ExtensibilityGlobals) = postSolution
		SolutionGuid = {1A1395C2-FE37-49B4-9AE1-AF3441936CE4}
	EndGlobalSection
EndGlobal
