
Microsoft Visual Studio Solution File, Format Version 12.00
# Visual Studio 15
VisualStudioVersion = 15.0.28307.438
MinimumVisualStudioVersion = 10.0.40219.1
Project("{FAE04EC0-301F-11D3-BF4B-00C04F79EFBC}") = "App2_Tarefa.Android", "App2_Tarefa\App2_Tarefa.Android\App2_Tarefa.Android.csproj", "{D270AFC8-C1B9-48F8-9540-AE9E627D64D8}"
EndProject
Project("{FAE04EC0-301F-11D3-BF4B-00C04F79EFBC}") = "App2_Tarefa.iOS", "App2_Tarefa\App2_Tarefa.iOS\App2_Tarefa.iOS.csproj", "{5ECD81E5-4B64-4339-9743-FE4E09F722AA}"
EndProject
Project("{9A19103F-16F7-4668-BE54-9A1E7A4F7556}") = "App2_Tarefa", "App2_Tarefa\App2_Tarefa\App2_Tarefa.csproj", "{9872C105-23E3-48CE-BBD2-0366A4729B42}"
EndProject
Global
	GlobalSection(SolutionConfigurationPlatforms) = preSolution
		Ad-Hoc|Any CPU = Ad-Hoc|Any CPU
		Ad-Hoc|ARM = Ad-Hoc|ARM
		Ad-Hoc|iPhone = Ad-Hoc|iPhone
		Ad-Hoc|iPhoneSimulator = Ad-Hoc|iPhoneSimulator
		Ad-Hoc|x64 = Ad-Hoc|x64
		Ad-Hoc|x86 = Ad-Hoc|x86
		AppStore|Any CPU = AppStore|Any CPU
		AppStore|ARM = AppStore|ARM
		AppStore|iPhone = AppStore|iPhone
		AppStore|iPhoneSimulator = AppStore|iPhoneSimulator
		AppStore|x64 = AppStore|x64
		AppStore|x86 = AppStore|x86
		Debug|Any CPU = Debug|Any CPU
		Debug|ARM = Debug|ARM
		Debug|iPhone = Debug|iPhone
		Debug|iPhoneSimulator = Debug|iPhoneSimulator
		Debug|x64 = Debug|x64
		Debug|x86 = Debug|x86
		Release|Any CPU = Release|Any CPU
		Release|ARM = Release|ARM
		Release|iPhone = Release|iPhone
		Release|iPhoneSimulator = Release|iPhoneSimulator
		Release|x64 = Release|x64
		Release|x86 = Release|x86
	EndGlobalSection
	GlobalSection(ProjectConfigurationPlatforms) = postSolution
		{D270AFC8-C1B9-48F8-9540-AE9E627D64D8}.Ad-Hoc|Any CPU.ActiveCfg = Release|Any CPU
		{D270AFC8-C1B9-48F8-9540-AE9E627D64D8}.Ad-Hoc|Any CPU.Build.0 = Release|Any CPU
		{D270AFC8-C1B9-48F8-9540-AE9E627D64D8}.Ad-Hoc|Any CPU.Deploy.0 = Release|Any CPU
		{D270AFC8-C1B9-48F8-9540-AE9E627D64D8}.Ad-Hoc|ARM.ActiveCfg = Release|Any CPU
		{D270AFC8-C1B9-48F8-9540-AE9E627D64D8}.Ad-Hoc|ARM.Build.0 = Release|Any CPU
		{D270AFC8-C1B9-48F8-9540-AE9E627D64D8}.Ad-Hoc|ARM.Deploy.0 = Release|Any CPU
		{D270AFC8-C1B9-48F8-9540-AE9E627D64D8}.Ad-Hoc|iPhone.ActiveCfg = Release|Any CPU
		{D270AFC8-C1B9-48F8-9540-AE9E627D64D8}.Ad-Hoc|iPhone.Build.0 = Release|Any CPU
		{D270AFC8-C1B9-48F8-9540-AE9E627D64D8}.Ad-Hoc|iPhone.Deploy.0 = Release|Any CPU
		{D270AFC8-C1B9-48F8-9540-AE9E627D64D8}.Ad-Hoc|iPhoneSimulator.ActiveCfg = Release|Any CPU
		{D270AFC8-C1B9-48F8-9540-AE9E627D64D8}.Ad-Hoc|iPhoneSimulator.Build.0 = Release|Any CPU
		{D270AFC8-C1B9-48F8-9540-AE9E627D64D8}.Ad-Hoc|iPhoneSimulator.Deploy.0 = Release|Any CPU
		{D270AFC8-C1B9-48F8-9540-AE9E627D64D8}.Ad-Hoc|x64.ActiveCfg = Release|Any CPU
		{D270AFC8-C1B9-48F8-9540-AE9E627D64D8}.Ad-Hoc|x64.Build.0 = Release|Any CPU
		{D270AFC8-C1B9-48F8-9540-AE9E627D64D8}.Ad-Hoc|x64.Deploy.0 = Release|Any CPU
		{D270AFC8-C1B9-48F8-9540-AE9E627D64D8}.Ad-Hoc|x86.ActiveCfg = Release|Any CPU
		{D270AFC8-C1B9-48F8-9540-AE9E627D64D8}.Ad-Hoc|x86.Build.0 = Release|Any CPU
		{D270AFC8-C1B9-48F8-9540-AE9E627D64D8}.Ad-Hoc|x86.Deploy.0 = Release|Any CPU
		{D270AFC8-C1B9-48F8-9540-AE9E627D64D8}.AppStore|Any CPU.ActiveCfg = Release|Any CPU
		{D270AFC8-C1B9-48F8-9540-AE9E627D64D8}.AppStore|Any CPU.Build.0 = Release|Any CPU
		{D270AFC8-C1B9-48F8-9540-AE9E627D64D8}.AppStore|Any CPU.Deploy.0 = Release|Any CPU
		{D270AFC8-C1B9-48F8-9540-AE9E627D64D8}.AppStore|ARM.ActiveCfg = Release|Any CPU
		{D270AFC8-C1B9-48F8-9540-AE9E627D64D8}.AppStore|ARM.Build.0 = Release|Any CPU
		{D270AFC8-C1B9-48F8-9540-AE9E627D64D8}.AppStore|ARM.Deploy.0 = Release|Any CPU
		{D270AFC8-C1B9-48F8-9540-AE9E627D64D8}.AppStore|iPhone.ActiveCfg = Release|Any CPU
		{D270AFC8-C1B9-48F8-9540-AE9E627D64D8}.AppStore|iPhone.Build.0 = Release|Any CPU
		{D270AFC8-C1B9-48F8-9540-AE9E627D64D8}.AppStore|iPhone.Deploy.0 = Release|Any CPU
		{D270AFC8-C1B9-48F8-9540-AE9E627D64D8}.AppStore|iPhoneSimulator.ActiveCfg = Release|Any CPU
		{D270AFC8-C1B9-48F8-9540-AE9E627D64D8}.AppStore|iPhoneSimulator.Build.0 = Release|Any CPU
		{D270AFC8-C1B9-48F8-9540-AE9E627D64D8}.AppStore|iPhoneSimulator.Deploy.0 = Release|Any CPU
		{D270AFC8-C1B9-48F8-9540-AE9E627D64D8}.AppStore|x64.ActiveCfg = Release|Any CPU
		{D270AFC8-C1B9-48F8-9540-AE9E627D64D8}.AppStore|x64.Build.0 = Release|Any CPU
		{D270AFC8-C1B9-48F8-9540-AE9E627D64D8}.AppStore|x64.Deploy.0 = Release|Any CPU
		{D270AFC8-C1B9-48F8-9540-AE9E627D64D8}.AppStore|x86.ActiveCfg = Release|Any CPU
		{D270AFC8-C1B9-48F8-9540-AE9E627D64D8}.AppStore|x86.Build.0 = Release|Any CPU
		{D270AFC8-C1B9-48F8-9540-AE9E627D64D8}.AppStore|x86.Deploy.0 = Release|Any CPU
		{D270AFC8-C1B9-48F8-9540-AE9E627D64D8}.Debug|Any CPU.ActiveCfg = Debug|Any CPU
		{D270AFC8-C1B9-48F8-9540-AE9E627D64D8}.Debug|Any CPU.Build.0 = Debug|Any CPU
		{D270AFC8-C1B9-48F8-9540-AE9E627D64D8}.Debug|Any CPU.Deploy.0 = Debug|Any CPU
		{D270AFC8-C1B9-48F8-9540-AE9E627D64D8}.Debug|ARM.ActiveCfg = Debug|Any CPU
		{D270AFC8-C1B9-48F8-9540-AE9E627D64D8}.Debug|ARM.Build.0 = Debug|Any CPU
		{D270AFC8-C1B9-48F8-9540-AE9E627D64D8}.Debug|ARM.Deploy.0 = Debug|Any CPU
		{D270AFC8-C1B9-48F8-9540-AE9E627D64D8}.Debug|iPhone.ActiveCfg = Debug|Any CPU
		{D270AFC8-C1B9-48F8-9540-AE9E627D64D8}.Debug|iPhone.Build.0 = Debug|Any CPU
		{D270AFC8-C1B9-48F8-9540-AE9E627D64D8}.Debug|iPhone.Deploy.0 = Debug|Any CPU
		{D270AFC8-C1B9-48F8-9540-AE9E627D64D8}.Debug|iPhoneSimulator.ActiveCfg = Debug|Any CPU
		{D270AFC8-C1B9-48F8-9540-AE9E627D64D8}.Debug|iPhoneSimulator.Build.0 = Debug|Any CPU
		{D270AFC8-C1B9-48F8-9540-AE9E627D64D8}.Debug|iPhoneSimulator.Deploy.0 = Debug|Any CPU
		{D270AFC8-C1B9-48F8-9540-AE9E627D64D8}.Debug|x64.ActiveCfg = Debug|Any CPU
		{D270AFC8-C1B9-48F8-9540-AE9E627D64D8}.Debug|x64.Build.0 = Debug|Any CPU
		{D270AFC8-C1B9-48F8-9540-AE9E627D64D8}.Debug|x64.Deploy.0 = Debug|Any CPU
		{D270AFC8-C1B9-48F8-9540-AE9E627D64D8}.Debug|x86.ActiveCfg = Debug|Any CPU
		{D270AFC8-C1B9-48F8-9540-AE9E627D64D8}.Debug|x86.Build.0 = Debug|Any CPU
		{D270AFC8-C1B9-48F8-9540-AE9E627D64D8}.Debug|x86.Deploy.0 = Debug|Any CPU
		{D270AFC8-C1B9-48F8-9540-AE9E627D64D8}.Release|Any CPU.ActiveCfg = Release|Any CPU
		{D270AFC8-C1B9-48F8-9540-AE9E627D64D8}.Release|Any CPU.Build.0 = Release|Any CPU
		{D270AFC8-C1B9-48F8-9540-AE9E627D64D8}.Release|Any CPU.Deploy.0 = Release|Any CPU
		{D270AFC8-C1B9-48F8-9540-AE9E627D64D8}.Release|ARM.ActiveCfg = Release|Any CPU
		{D270AFC8-C1B9-48F8-9540-AE9E627D64D8}.Release|ARM.Build.0 = Release|Any CPU
		{D270AFC8-C1B9-48F8-9540-AE9E627D64D8}.Release|ARM.Deploy.0 = Release|Any CPU
		{D270AFC8-C1B9-48F8-9540-AE9E627D64D8}.Release|iPhone.ActiveCfg = Release|Any CPU
		{D270AFC8-C1B9-48F8-9540-AE9E627D64D8}.Release|iPhone.Build.0 = Release|Any CPU
		{D270AFC8-C1B9-48F8-9540-AE9E627D64D8}.Release|iPhone.Deploy.0 = Release|Any CPU
		{D270AFC8-C1B9-48F8-9540-AE9E627D64D8}.Release|iPhoneSimulator.ActiveCfg = Release|Any CPU
		{D270AFC8-C1B9-48F8-9540-AE9E627D64D8}.Release|iPhoneSimulator.Build.0 = Release|Any CPU
		{D270AFC8-C1B9-48F8-9540-AE9E627D64D8}.Release|iPhoneSimulator.Deploy.0 = Release|Any CPU
		{D270AFC8-C1B9-48F8-9540-AE9E627D64D8}.Release|x64.ActiveCfg = Release|Any CPU
		{D270AFC8-C1B9-48F8-9540-AE9E627D64D8}.Release|x64.Build.0 = Release|Any CPU
		{D270AFC8-C1B9-48F8-9540-AE9E627D64D8}.Release|x64.Deploy.0 = Release|Any CPU
		{D270AFC8-C1B9-48F8-9540-AE9E627D64D8}.Release|x86.ActiveCfg = Release|Any CPU
		{D270AFC8-C1B9-48F8-9540-AE9E627D64D8}.Release|x86.Build.0 = Release|Any CPU
		{D270AFC8-C1B9-48F8-9540-AE9E627D64D8}.Release|x86.Deploy.0 = Release|Any CPU
		{5ECD81E5-4B64-4339-9743-FE4E09F722AA}.Ad-Hoc|Any CPU.ActiveCfg = Ad-Hoc|iPhone
		{5ECD81E5-4B64-4339-9743-FE4E09F722AA}.Ad-Hoc|Any CPU.Build.0 = Ad-Hoc|iPhone
		{5ECD81E5-4B64-4339-9743-FE4E09F722AA}.Ad-Hoc|Any CPU.Deploy.0 = Ad-Hoc|iPhone
		{5ECD81E5-4B64-4339-9743-FE4E09F722AA}.Ad-Hoc|ARM.ActiveCfg = Ad-Hoc|iPhone
		{5ECD81E5-4B64-4339-9743-FE4E09F722AA}.Ad-Hoc|ARM.Build.0 = Ad-Hoc|iPhone
		{5ECD81E5-4B64-4339-9743-FE4E09F722AA}.Ad-Hoc|ARM.Deploy.0 = Ad-Hoc|iPhone
		{5ECD81E5-4B64-4339-9743-FE4E09F722AA}.Ad-Hoc|iPhone.ActiveCfg = Ad-Hoc|iPhone
		{5ECD81E5-4B64-4339-9743-FE4E09F722AA}.Ad-Hoc|iPhone.Build.0 = Ad-Hoc|iPhone
		{5ECD81E5-4B64-4339-9743-FE4E09F722AA}.Ad-Hoc|iPhone.Deploy.0 = Ad-Hoc|iPhone
		{5ECD81E5-4B64-4339-9743-FE4E09F722AA}.Ad-Hoc|iPhoneSimulator.ActiveCfg = Ad-Hoc|iPhoneSimulator
		{5ECD81E5-4B64-4339-9743-FE4E09F722AA}.Ad-Hoc|iPhoneSimulator.Build.0 = Ad-Hoc|iPhoneSimulator
		{5ECD81E5-4B64-4339-9743-FE4E09F722AA}.Ad-Hoc|iPhoneSimulator.Deploy.0 = Ad-Hoc|iPhoneSimulator
		{5ECD81E5-4B64-4339-9743-FE4E09F722AA}.Ad-Hoc|x64.ActiveCfg = Ad-Hoc|iPhone
		{5ECD81E5-4B64-4339-9743-FE4E09F722AA}.Ad-Hoc|x64.Build.0 = Ad-Hoc|iPhone
		{5ECD81E5-4B64-4339-9743-FE4E09F722AA}.Ad-Hoc|x64.Deploy.0 = Ad-Hoc|iPhone
		{5ECD81E5-4B64-4339-9743-FE4E09F722AA}.Ad-Hoc|x86.ActiveCfg = Ad-Hoc|iPhone
		{5ECD81E5-4B64-4339-9743-FE4E09F722AA}.Ad-Hoc|x86.Build.0 = Ad-Hoc|iPhone
		{5ECD81E5-4B64-4339-9743-FE4E09F722AA}.Ad-Hoc|x86.Deploy.0 = Ad-Hoc|iPhone
		{5ECD81E5-4B64-4339-9743-FE4E09F722AA}.AppStore|Any CPU.ActiveCfg = AppStore|iPhone
		{5ECD81E5-4B64-4339-9743-FE4E09F722AA}.AppStore|Any CPU.Build.0 = AppStore|iPhone
		{5ECD81E5-4B64-4339-9743-FE4E09F722AA}.AppStore|Any CPU.Deploy.0 = AppStore|iPhone
		{5ECD81E5-4B64-4339-9743-FE4E09F722AA}.AppStore|ARM.ActiveCfg = AppStore|iPhone
		{5ECD81E5-4B64-4339-9743-FE4E09F722AA}.AppStore|ARM.Build.0 = AppStore|iPhone
		{5ECD81E5-4B64-4339-9743-FE4E09F722AA}.AppStore|ARM.Deploy.0 = AppStore|iPhone
		{5ECD81E5-4B64-4339-9743-FE4E09F722AA}.AppStore|iPhone.ActiveCfg = AppStore|iPhone
		{5ECD81E5-4B64-4339-9743-FE4E09F722AA}.AppStore|iPhone.Build.0 = AppStore|iPhone
		{5ECD81E5-4B64-4339-9743-FE4E09F722AA}.AppStore|iPhone.Deploy.0 = AppStore|iPhone
		{5ECD81E5-4B64-4339-9743-FE4E09F722AA}.AppStore|iPhoneSimulator.ActiveCfg = AppStore|iPhoneSimulator
		{5ECD81E5-4B64-4339-9743-FE4E09F722AA}.AppStore|iPhoneSimulator.Build.0 = AppStore|iPhoneSimulator
		{5ECD81E5-4B64-4339-9743-FE4E09F722AA}.AppStore|iPhoneSimulator.Deploy.0 = AppStore|iPhoneSimulator
		{5ECD81E5-4B64-4339-9743-FE4E09F722AA}.AppStore|x64.ActiveCfg = AppStore|iPhone
		{5ECD81E5-4B64-4339-9743-FE4E09F722AA}.AppStore|x64.Build.0 = AppStore|iPhone
		{5ECD81E5-4B64-4339-9743-FE4E09F722AA}.AppStore|x64.Deploy.0 = AppStore|iPhone
		{5ECD81E5-4B64-4339-9743-FE4E09F722AA}.AppStore|x86.ActiveCfg = AppStore|iPhone
		{5ECD81E5-4B64-4339-9743-FE4E09F722AA}.AppStore|x86.Build.0 = AppStore|iPhone
		{5ECD81E5-4B64-4339-9743-FE4E09F722AA}.AppStore|x86.Deploy.0 = AppStore|iPhone
		{5ECD81E5-4B64-4339-9743-FE4E09F722AA}.Debug|Any CPU.ActiveCfg = Debug|iPhoneSimulator
		{5ECD81E5-4B64-4339-9743-FE4E09F722AA}.Debug|Any CPU.Build.0 = Debug|iPhoneSimulator
		{5ECD81E5-4B64-4339-9743-FE4E09F722AA}.Debug|Any CPU.Deploy.0 = Debug|iPhoneSimulator
		{5ECD81E5-4B64-4339-9743-FE4E09F722AA}.Debug|ARM.ActiveCfg = Debug|iPhone
		{5ECD81E5-4B64-4339-9743-FE4E09F722AA}.Debug|ARM.Build.0 = Debug|iPhone
		{5ECD81E5-4B64-4339-9743-FE4E09F722AA}.Debug|ARM.Deploy.0 = Debug|iPhone
		{5ECD81E5-4B64-4339-9743-FE4E09F722AA}.Debug|iPhone.ActiveCfg = Debug|iPhone
		{5ECD81E5-4B64-4339-9743-FE4E09F722AA}.Debug|iPhone.Build.0 = Debug|iPhone
		{5ECD81E5-4B64-4339-9743-FE4E09F722AA}.Debug|iPhone.Deploy.0 = Debug|iPhone
		{5ECD81E5-4B64-4339-9743-FE4E09F722AA}.Debug|iPhoneSimulator.ActiveCfg = Debug|iPhoneSimulator
		{5ECD81E5-4B64-4339-9743-FE4E09F722AA}.Debug|iPhoneSimulator.Build.0 = Debug|iPhoneSimulator
		{5ECD81E5-4B64-4339-9743-FE4E09F722AA}.Debug|iPhoneSimulator.Deploy.0 = Debug|iPhoneSimulator
		{5ECD81E5-4B64-4339-9743-FE4E09F722AA}.Debug|x64.ActiveCfg = Debug|iPhone
		{5ECD81E5-4B64-4339-9743-FE4E09F722AA}.Debug|x64.Build.0 = Debug|iPhone
		{5ECD81E5-4B64-4339-9743-FE4E09F722AA}.Debug|x64.Deploy.0 = Debug|iPhone
		{5ECD81E5-4B64-4339-9743-FE4E09F722AA}.Debug|x86.ActiveCfg = Debug|iPhone
		{5ECD81E5-4B64-4339-9743-FE4E09F722AA}.Debug|x86.Build.0 = Debug|iPhone
		{5ECD81E5-4B64-4339-9743-FE4E09F722AA}.Debug|x86.Deploy.0 = Debug|iPhone
		{5ECD81E5-4B64-4339-9743-FE4E09F722AA}.Release|Any CPU.ActiveCfg = Release|iPhone
		{5ECD81E5-4B64-4339-9743-FE4E09F722AA}.Release|Any CPU.Build.0 = Release|iPhone
		{5ECD81E5-4B64-4339-9743-FE4E09F722AA}.Release|Any CPU.Deploy.0 = Release|iPhone
		{5ECD81E5-4B64-4339-9743-FE4E09F722AA}.Release|ARM.ActiveCfg = Release|iPhone
		{5ECD81E5-4B64-4339-9743-FE4E09F722AA}.Release|ARM.Build.0 = Release|iPhone
		{5ECD81E5-4B64-4339-9743-FE4E09F722AA}.Release|ARM.Deploy.0 = Release|iPhone
		{5ECD81E5-4B64-4339-9743-FE4E09F722AA}.Release|iPhone.ActiveCfg = Release|iPhone
		{5ECD81E5-4B64-4339-9743-FE4E09F722AA}.Release|iPhone.Build.0 = Release|iPhone
		{5ECD81E5-4B64-4339-9743-FE4E09F722AA}.Release|iPhone.Deploy.0 = Release|iPhone
		{5ECD81E5-4B64-4339-9743-FE4E09F722AA}.Release|iPhoneSimulator.ActiveCfg = Release|iPhoneSimulator
		{5ECD81E5-4B64-4339-9743-FE4E09F722AA}.Release|iPhoneSimulator.Build.0 = Release|iPhoneSimulator
		{5ECD81E5-4B64-4339-9743-FE4E09F722AA}.Release|iPhoneSimulator.Deploy.0 = Release|iPhoneSimulator
		{5ECD81E5-4B64-4339-9743-FE4E09F722AA}.Release|x64.ActiveCfg = Release|iPhone
		{5ECD81E5-4B64-4339-9743-FE4E09F722AA}.Release|x64.Build.0 = Release|iPhone
		{5ECD81E5-4B64-4339-9743-FE4E09F722AA}.Release|x64.Deploy.0 = Release|iPhone
		{5ECD81E5-4B64-4339-9743-FE4E09F722AA}.Release|x86.ActiveCfg = Release|iPhone
		{5ECD81E5-4B64-4339-9743-FE4E09F722AA}.Release|x86.Build.0 = Release|iPhone
		{5ECD81E5-4B64-4339-9743-FE4E09F722AA}.Release|x86.Deploy.0 = Release|iPhone
		{9872C105-23E3-48CE-BBD2-0366A4729B42}.Ad-Hoc|Any CPU.ActiveCfg = Debug|Any CPU
		{9872C105-23E3-48CE-BBD2-0366A4729B42}.Ad-Hoc|Any CPU.Build.0 = Debug|Any CPU
		{9872C105-23E3-48CE-BBD2-0366A4729B42}.Ad-Hoc|Any CPU.Deploy.0 = Debug|Any CPU
		{9872C105-23E3-48CE-BBD2-0366A4729B42}.Ad-Hoc|ARM.ActiveCfg = Debug|Any CPU
		{9872C105-23E3-48CE-BBD2-0366A4729B42}.Ad-Hoc|ARM.Build.0 = Debug|Any CPU
		{9872C105-23E3-48CE-BBD2-0366A4729B42}.Ad-Hoc|ARM.Deploy.0 = Debug|Any CPU
		{9872C105-23E3-48CE-BBD2-0366A4729B42}.Ad-Hoc|iPhone.ActiveCfg = Debug|Any CPU
		{9872C105-23E3-48CE-BBD2-0366A4729B42}.Ad-Hoc|iPhone.Build.0 = Debug|Any CPU
		{9872C105-23E3-48CE-BBD2-0366A4729B42}.Ad-Hoc|iPhone.Deploy.0 = Debug|Any CPU
		{9872C105-23E3-48CE-BBD2-0366A4729B42}.Ad-Hoc|iPhoneSimulator.ActiveCfg = Debug|Any CPU
		{9872C105-23E3-48CE-BBD2-0366A4729B42}.Ad-Hoc|iPhoneSimulator.Build.0 = Debug|Any CPU
		{9872C105-23E3-48CE-BBD2-0366A4729B42}.Ad-Hoc|iPhoneSimulator.Deploy.0 = Debug|Any CPU
		{9872C105-23E3-48CE-BBD2-0366A4729B42}.Ad-Hoc|x64.ActiveCfg = Debug|Any CPU
		{9872C105-23E3-48CE-BBD2-0366A4729B42}.Ad-Hoc|x64.Build.0 = Debug|Any CPU
		{9872C105-23E3-48CE-BBD2-0366A4729B42}.Ad-Hoc|x64.Deploy.0 = Debug|Any CPU
		{9872C105-23E3-48CE-BBD2-0366A4729B42}.Ad-Hoc|x86.ActiveCfg = Debug|Any CPU
		{9872C105-23E3-48CE-BBD2-0366A4729B42}.Ad-Hoc|x86.Build.0 = Debug|Any CPU
		{9872C105-23E3-48CE-BBD2-0366A4729B42}.Ad-Hoc|x86.Deploy.0 = Debug|Any CPU
		{9872C105-23E3-48CE-BBD2-0366A4729B42}.AppStore|Any CPU.ActiveCfg = Debug|Any CPU
		{9872C105-23E3-48CE-BBD2-0366A4729B42}.AppStore|Any CPU.Build.0 = Debug|Any CPU
		{9872C105-23E3-48CE-BBD2-0366A4729B42}.AppStore|Any CPU.Deploy.0 = Debug|Any CPU
		{9872C105-23E3-48CE-BBD2-0366A4729B42}.AppStore|ARM.ActiveCfg = Debug|Any CPU
		{9872C105-23E3-48CE-BBD2-0366A4729B42}.AppStore|ARM.Build.0 = Debug|Any CPU
		{9872C105-23E3-48CE-BBD2-0366A4729B42}.AppStore|ARM.Deploy.0 = Debug|Any CPU
		{9872C105-23E3-48CE-BBD2-0366A4729B42}.AppStore|iPhone.ActiveCfg = Debug|Any CPU
		{9872C105-23E3-48CE-BBD2-0366A4729B42}.AppStore|iPhone.Build.0 = Debug|Any CPU
		{9872C105-23E3-48CE-BBD2-0366A4729B42}.AppStore|iPhone.Deploy.0 = Debug|Any CPU
		{9872C105-23E3-48CE-BBD2-0366A4729B42}.AppStore|iPhoneSimulator.ActiveCfg = Debug|Any CPU
		{9872C105-23E3-48CE-BBD2-0366A4729B42}.AppStore|iPhoneSimulator.Build.0 = Debug|Any CPU
		{9872C105-23E3-48CE-BBD2-0366A4729B42}.AppStore|iPhoneSimulator.Deploy.0 = Debug|Any CPU
		{9872C105-23E3-48CE-BBD2-0366A4729B42}.AppStore|x64.ActiveCfg = Debug|Any CPU
		{9872C105-23E3-48CE-BBD2-0366A4729B42}.AppStore|x64.Build.0 = Debug|Any CPU
		{9872C105-23E3-48CE-BBD2-0366A4729B42}.AppStore|x64.Deploy.0 = Debug|Any CPU
		{9872C105-23E3-48CE-BBD2-0366A4729B42}.AppStore|x86.ActiveCfg = Debug|Any CPU
		{9872C105-23E3-48CE-BBD2-0366A4729B42}.AppStore|x86.Build.0 = Debug|Any CPU
		{9872C105-23E3-48CE-BBD2-0366A4729B42}.AppStore|x86.Deploy.0 = Debug|Any CPU
		{9872C105-23E3-48CE-BBD2-0366A4729B42}.Debug|Any CPU.ActiveCfg = Debug|Any CPU
		{9872C105-23E3-48CE-BBD2-0366A4729B42}.Debug|Any CPU.Build.0 = Debug|Any CPU
		{9872C105-23E3-48CE-BBD2-0366A4729B42}.Debug|Any CPU.Deploy.0 = Debug|Any CPU
		{9872C105-23E3-48CE-BBD2-0366A4729B42}.Debug|ARM.ActiveCfg = Debug|Any CPU
		{9872C105-23E3-48CE-BBD2-0366A4729B42}.Debug|ARM.Build.0 = Debug|Any CPU
		{9872C105-23E3-48CE-BBD2-0366A4729B42}.Debug|ARM.Deploy.0 = Debug|Any CPU
		{9872C105-23E3-48CE-BBD2-0366A4729B42}.Debug|iPhone.ActiveCfg = Debug|Any CPU
		{9872C105-23E3-48CE-BBD2-0366A4729B42}.Debug|iPhone.Build.0 = Debug|Any CPU
		{9872C105-23E3-48CE-BBD2-0366A4729B42}.Debug|iPhone.Deploy.0 = Debug|Any CPU
		{9872C105-23E3-48CE-BBD2-0366A4729B42}.Debug|iPhoneSimulator.ActiveCfg = Debug|Any CPU
		{9872C105-23E3-48CE-BBD2-0366A4729B42}.Debug|iPhoneSimulator.Build.0 = Debug|Any CPU
		{9872C105-23E3-48CE-BBD2-0366A4729B42}.Debug|iPhoneSimulator.Deploy.0 = Debug|Any CPU
		{9872C105-23E3-48CE-BBD2-0366A4729B42}.Debug|x64.ActiveCfg = Debug|Any CPU
		{9872C105-23E3-48CE-BBD2-0366A4729B42}.Debug|x64.Build.0 = Debug|Any CPU
		{9872C105-23E3-48CE-BBD2-0366A4729B42}.Debug|x64.Deploy.0 = Debug|Any CPU
		{9872C105-23E3-48CE-BBD2-0366A4729B42}.Debug|x86.ActiveCfg = Debug|Any CPU
		{9872C105-23E3-48CE-BBD2-0366A4729B42}.Debug|x86.Build.0 = Debug|Any CPU
		{9872C105-23E3-48CE-BBD2-0366A4729B42}.Debug|x86.Deploy.0 = Debug|Any CPU
		{9872C105-23E3-48CE-BBD2-0366A4729B42}.Release|Any CPU.ActiveCfg = Release|Any CPU
		{9872C105-23E3-48CE-BBD2-0366A4729B42}.Release|Any CPU.Build.0 = Release|Any CPU
		{9872C105-23E3-48CE-BBD2-0366A4729B42}.Release|Any CPU.Deploy.0 = Release|Any CPU
		{9872C105-23E3-48CE-BBD2-0366A4729B42}.Release|ARM.ActiveCfg = Release|Any CPU
		{9872C105-23E3-48CE-BBD2-0366A4729B42}.Release|ARM.Build.0 = Release|Any CPU
		{9872C105-23E3-48CE-BBD2-0366A4729B42}.Release|ARM.Deploy.0 = Release|Any CPU
		{9872C105-23E3-48CE-BBD2-0366A4729B42}.Release|iPhone.ActiveCfg = Release|Any CPU
		{9872C105-23E3-48CE-BBD2-0366A4729B42}.Release|iPhone.Build.0 = Release|Any CPU
		{9872C105-23E3-48CE-BBD2-0366A4729B42}.Release|iPhone.Deploy.0 = Release|Any CPU
		{9872C105-23E3-48CE-BBD2-0366A4729B42}.Release|iPhoneSimulator.ActiveCfg = Release|Any CPU
		{9872C105-23E3-48CE-BBD2-0366A4729B42}.Release|iPhoneSimulator.Build.0 = Release|Any CPU
		{9872C105-23E3-48CE-BBD2-0366A4729B42}.Release|iPhoneSimulator.Deploy.0 = Release|Any CPU
		{9872C105-23E3-48CE-BBD2-0366A4729B42}.Release|x64.ActiveCfg = Release|Any CPU
		{9872C105-23E3-48CE-BBD2-0366A4729B42}.Release|x64.Build.0 = Release|Any CPU
		{9872C105-23E3-48CE-BBD2-0366A4729B42}.Release|x64.Deploy.0 = Release|Any CPU
		{9872C105-23E3-48CE-BBD2-0366A4729B42}.Release|x86.ActiveCfg = Release|Any CPU
		{9872C105-23E3-48CE-BBD2-0366A4729B42}.Release|x86.Build.0 = Release|Any CPU
		{9872C105-23E3-48CE-BBD2-0366A4729B42}.Release|x86.Deploy.0 = Release|Any CPU
	EndGlobalSection
	GlobalSection(SolutionProperties) = preSolution
		HideSolutionNode = FALSE
	EndGlobalSection
	GlobalSection(ExtensibilityGlobals) = postSolution
		SolutionGuid = {71459063-732C-4E92-A826-A0BFC7174270}
	EndGlobalSection
EndGlobal
