
Microsoft Visual Studio Solution File, Format Version 12.00
# Visual Studio 15
VisualStudioVersion = 15.0.28307.438
MinimumVisualStudioVersion = 10.0.40219.1
Project("{FAE04EC0-301F-11D3-BF4B-00C04F79EFBC}") = "App01_ControlesXF.Android", "App01_ControlesXF\App01_ControlesXF.Android\App01_ControlesXF.Android.csproj", "{181D488E-C1F8-48A5-8695-C0CB9A3A699F}"
EndProject
Project("{FAE04EC0-301F-11D3-BF4B-00C04F79EFBC}") = "App01_ControlesXF.iOS", "App01_ControlesXF\App01_ControlesXF.iOS\App01_ControlesXF.iOS.csproj", "{67422085-90C7-4ED5-B9A6-0F89C1A6E925}"
EndProject
Project("{FAE04EC0-301F-11D3-BF4B-00C04F79EFBC}") = "App01_ControlesXF.UWP", "App01_ControlesXF\App01_ControlesXF.UWP\App01_ControlesXF.UWP.csproj", "{68370703-CDBA-419D-8728-AA10950C8E63}"
EndProject
Project("{FAE04EC0-301F-11D3-BF4B-00C04F79EFBC}") = "App01_ControlesXF", "App01_ControlesXF\App01_ControlesXF\App01_ControlesXF.csproj", "{A0F102FA-3111-45ED-98C9-7003E94B703D}"
EndProject
Global
	GlobalSection(SolutionConfigurationPlatforms) = preSolution
		Ad-Hoc|Any CPU = Ad-Hoc|Any CPU
		Ad-Hoc|ARM = Ad-Hoc|ARM
		Ad-Hoc|iPhone = Ad-Hoc|iPhone
		Ad-Hoc|iPhoneSimulator = Ad-Hoc|iPhoneSimulator
		Ad-Hoc|x64 = Ad-Hoc|x64
		Ad-Hoc|x86 = Ad-Hoc|x86
		AppStore|Any CPU = AppStore|Any CPU
		AppStore|ARM = AppStore|ARM
		AppStore|iPhone = AppStore|iPhone
		AppStore|iPhoneSimulator = AppStore|iPhoneSimulator
		AppStore|x64 = AppStore|x64
		AppStore|x86 = AppStore|x86
		Debug|Any CPU = Debug|Any CPU
		Debug|ARM = Debug|ARM
		Debug|iPhone = Debug|iPhone
		Debug|iPhoneSimulator = Debug|iPhoneSimulator
		Debug|x64 = Debug|x64
		Debug|x86 = Debug|x86
		Release|Any CPU = Release|Any CPU
		Release|ARM = Release|ARM
		Release|iPhone = Release|iPhone
		Release|iPhoneSimulator = Release|iPhoneSimulator
		Release|x64 = Release|x64
		Release|x86 = Release|x86
	EndGlobalSection
	GlobalSection(ProjectConfigurationPlatforms) = postSolution
		{181D488E-C1F8-48A5-8695-C0CB9A3A699F}.Ad-Hoc|Any CPU.ActiveCfg = Release|Any CPU
		{181D488E-C1F8-48A5-8695-C0CB9A3A699F}.Ad-Hoc|Any CPU.Build.0 = Release|Any CPU
		{181D488E-C1F8-48A5-8695-C0CB9A3A699F}.Ad-Hoc|Any CPU.Deploy.0 = Release|Any CPU
		{181D488E-C1F8-48A5-8695-C0CB9A3A699F}.Ad-Hoc|ARM.ActiveCfg = Release|Any CPU
		{181D488E-C1F8-48A5-8695-C0CB9A3A699F}.Ad-Hoc|ARM.Build.0 = Release|Any CPU
		{181D488E-C1F8-48A5-8695-C0CB9A3A699F}.Ad-Hoc|ARM.Deploy.0 = Release|Any CPU
		{181D488E-C1F8-48A5-8695-C0CB9A3A699F}.Ad-Hoc|iPhone.ActiveCfg = Release|Any CPU
		{181D488E-C1F8-48A5-8695-C0CB9A3A699F}.Ad-Hoc|iPhone.Build.0 = Release|Any CPU
		{181D488E-C1F8-48A5-8695-C0CB9A3A699F}.Ad-Hoc|iPhone.Deploy.0 = Release|Any CPU
		{181D488E-C1F8-48A5-8695-C0CB9A3A699F}.Ad-Hoc|iPhoneSimulator.ActiveCfg = Release|Any CPU
		{181D488E-C1F8-48A5-8695-C0CB9A3A699F}.Ad-Hoc|iPhoneSimulator.Build.0 = Release|Any CPU
		{181D488E-C1F8-48A5-8695-C0CB9A3A699F}.Ad-Hoc|iPhoneSimulator.Deploy.0 = Release|Any CPU
		{181D488E-C1F8-48A5-8695-C0CB9A3A699F}.Ad-Hoc|x64.ActiveCfg = Release|Any CPU
		{181D488E-C1F8-48A5-8695-C0CB9A3A699F}.Ad-Hoc|x64.Build.0 = Release|Any CPU
		{181D488E-C1F8-48A5-8695-C0CB9A3A699F}.Ad-Hoc|x64.Deploy.0 = Release|Any CPU
		{181D488E-C1F8-48A5-8695-C0CB9A3A699F}.Ad-Hoc|x86.ActiveCfg = Release|Any CPU
		{181D488E-C1F8-48A5-8695-C0CB9A3A699F}.Ad-Hoc|x86.Build.0 = Release|Any CPU
		{181D488E-C1F8-48A5-8695-C0CB9A3A699F}.Ad-Hoc|x86.Deploy.0 = Release|Any CPU
		{181D488E-C1F8-48A5-8695-C0CB9A3A699F}.AppStore|Any CPU.ActiveCfg = Release|Any CPU
		{181D488E-C1F8-48A5-8695-C0CB9A3A699F}.AppStore|Any CPU.Build.0 = Release|Any CPU
		{181D488E-C1F8-48A5-8695-C0CB9A3A699F}.AppStore|Any CPU.Deploy.0 = Release|Any CPU
		{181D488E-C1F8-48A5-8695-C0CB9A3A699F}.AppStore|ARM.ActiveCfg = Release|Any CPU
		{181D488E-C1F8-48A5-8695-C0CB9A3A699F}.AppStore|ARM.Build.0 = Release|Any CPU
		{181D488E-C1F8-48A5-8695-C0CB9A3A699F}.AppStore|ARM.Deploy.0 = Release|Any CPU
		{181D488E-C1F8-48A5-8695-C0CB9A3A699F}.AppStore|iPhone.ActiveCfg = Release|Any CPU
		{181D488E-C1F8-48A5-8695-C0CB9A3A699F}.AppStore|iPhone.Build.0 = Release|Any CPU
		{181D488E-C1F8-48A5-8695-C0CB9A3A699F}.AppStore|iPhone.Deploy.0 = Release|Any CPU
		{181D488E-C1F8-48A5-8695-C0CB9A3A699F}.AppStore|iPhoneSimulator.ActiveCfg = Release|Any CPU
		{181D488E-C1F8-48A5-8695-C0CB9A3A699F}.AppStore|iPhoneSimulator.Build.0 = Release|Any CPU
		{181D488E-C1F8-48A5-8695-C0CB9A3A699F}.AppStore|iPhoneSimulator.Deploy.0 = Release|Any CPU
		{181D488E-C1F8-48A5-8695-C0CB9A3A699F}.AppStore|x64.ActiveCfg = Release|Any CPU
		{181D488E-C1F8-48A5-8695-C0CB9A3A699F}.AppStore|x64.Build.0 = Release|Any CPU
		{181D488E-C1F8-48A5-8695-C0CB9A3A699F}.AppStore|x64.Deploy.0 = Release|Any CPU
		{181D488E-C1F8-48A5-8695-C0CB9A3A699F}.AppStore|x86.ActiveCfg = Release|Any CPU
		{181D488E-C1F8-48A5-8695-C0CB9A3A699F}.AppStore|x86.Build.0 = Release|Any CPU
		{181D488E-C1F8-48A5-8695-C0CB9A3A699F}.AppStore|x86.Deploy.0 = Release|Any CPU
		{181D488E-C1F8-48A5-8695-C0CB9A3A699F}.Debug|Any CPU.ActiveCfg = Debug|Any CPU
		{181D488E-C1F8-48A5-8695-C0CB9A3A699F}.Debug|Any CPU.Build.0 = Debug|Any CPU
		{181D488E-C1F8-48A5-8695-C0CB9A3A699F}.Debug|Any CPU.Deploy.0 = Debug|Any CPU
		{181D488E-C1F8-48A5-8695-C0CB9A3A699F}.Debug|ARM.ActiveCfg = Debug|Any CPU
		{181D488E-C1F8-48A5-8695-C0CB9A3A699F}.Debug|ARM.Build.0 = Debug|Any CPU
		{181D488E-C1F8-48A5-8695-C0CB9A3A699F}.Debug|ARM.Deploy.0 = Debug|Any CPU
		{181D488E-C1F8-48A5-8695-C0CB9A3A699F}.Debug|iPhone.ActiveCfg = Debug|Any CPU
		{181D488E-C1F8-48A5-8695-C0CB9A3A699F}.Debug|iPhone.Build.0 = Debug|Any CPU
		{181D488E-C1F8-48A5-8695-C0CB9A3A699F}.Debug|iPhone.Deploy.0 = Debug|Any CPU
		{181D488E-C1F8-48A5-8695-C0CB9A3A699F}.Debug|iPhoneSimulator.ActiveCfg = Debug|Any CPU
		{181D488E-C1F8-48A5-8695-C0CB9A3A699F}.Debug|iPhoneSimulator.Build.0 = Debug|Any CPU
		{181D488E-C1F8-48A5-8695-C0CB9A3A699F}.Debug|iPhoneSimulator.Deploy.0 = Debug|Any CPU
		{181D488E-C1F8-48A5-8695-C0CB9A3A699F}.Debug|x64.ActiveCfg = Debug|Any CPU
		{181D488E-C1F8-48A5-8695-C0CB9A3A699F}.Debug|x64.Build.0 = Debug|Any CPU
		{181D488E-C1F8-48A5-8695-C0CB9A3A699F}.Debug|x64.Deploy.0 = Debug|Any CPU
		{181D488E-C1F8-48A5-8695-C0CB9A3A699F}.Debug|x86.ActiveCfg = Debug|Any CPU
		{181D488E-C1F8-48A5-8695-C0CB9A3A699F}.Debug|x86.Build.0 = Debug|Any CPU
		{181D488E-C1F8-48A5-8695-C0CB9A3A699F}.Debug|x86.Deploy.0 = Debug|Any CPU
		{181D488E-C1F8-48A5-8695-C0CB9A3A699F}.Release|Any CPU.ActiveCfg = Release|Any CPU
		{181D488E-C1F8-48A5-8695-C0CB9A3A699F}.Release|Any CPU.Build.0 = Release|Any CPU
		{181D488E-C1F8-48A5-8695-C0CB9A3A699F}.Release|Any CPU.Deploy.0 = Release|Any CPU
		{181D488E-C1F8-48A5-8695-C0CB9A3A699F}.Release|ARM.ActiveCfg = Release|Any CPU
		{181D488E-C1F8-48A5-8695-C0CB9A3A699F}.Release|ARM.Build.0 = Release|Any CPU
		{181D488E-C1F8-48A5-8695-C0CB9A3A699F}.Release|ARM.Deploy.0 = Release|Any CPU
		{181D488E-C1F8-48A5-8695-C0CB9A3A699F}.Release|iPhone.ActiveCfg = Release|Any CPU
		{181D488E-C1F8-48A5-8695-C0CB9A3A699F}.Release|iPhone.Build.0 = Release|Any CPU
		{181D488E-C1F8-48A5-8695-C0CB9A3A699F}.Release|iPhone.Deploy.0 = Release|Any CPU
		{181D488E-C1F8-48A5-8695-C0CB9A3A699F}.Release|iPhoneSimulator.ActiveCfg = Release|Any CPU
		{181D488E-C1F8-48A5-8695-C0CB9A3A699F}.Release|iPhoneSimulator.Build.0 = Release|Any CPU
		{181D488E-C1F8-48A5-8695-C0CB9A3A699F}.Release|iPhoneSimulator.Deploy.0 = Release|Any CPU
		{181D488E-C1F8-48A5-8695-C0CB9A3A699F}.Release|x64.ActiveCfg = Release|Any CPU
		{181D488E-C1F8-48A5-8695-C0CB9A3A699F}.Release|x64.Build.0 = Release|Any CPU
		{181D488E-C1F8-48A5-8695-C0CB9A3A699F}.Release|x64.Deploy.0 = Release|Any CPU
		{181D488E-C1F8-48A5-8695-C0CB9A3A699F}.Release|x86.ActiveCfg = Release|Any CPU
		{181D488E-C1F8-48A5-8695-C0CB9A3A699F}.Release|x86.Build.0 = Release|Any CPU
		{181D488E-C1F8-48A5-8695-C0CB9A3A699F}.Release|x86.Deploy.0 = Release|Any CPU
		{67422085-90C7-4ED5-B9A6-0F89C1A6E925}.Ad-Hoc|Any CPU.ActiveCfg = Ad-Hoc|iPhone
		{67422085-90C7-4ED5-B9A6-0F89C1A6E925}.Ad-Hoc|Any CPU.Build.0 = Ad-Hoc|iPhone
		{67422085-90C7-4ED5-B9A6-0F89C1A6E925}.Ad-Hoc|Any CPU.Deploy.0 = Ad-Hoc|iPhone
		{67422085-90C7-4ED5-B9A6-0F89C1A6E925}.Ad-Hoc|ARM.ActiveCfg = Ad-Hoc|iPhone
		{67422085-90C7-4ED5-B9A6-0F89C1A6E925}.Ad-Hoc|ARM.Build.0 = Ad-Hoc|iPhone
		{67422085-90C7-4ED5-B9A6-0F89C1A6E925}.Ad-Hoc|ARM.Deploy.0 = Ad-Hoc|iPhone
		{67422085-90C7-4ED5-B9A6-0F89C1A6E925}.Ad-Hoc|iPhone.ActiveCfg = Ad-Hoc|iPhone
		{67422085-90C7-4ED5-B9A6-0F89C1A6E925}.Ad-Hoc|iPhone.Build.0 = Ad-Hoc|iPhone
		{67422085-90C7-4ED5-B9A6-0F89C1A6E925}.Ad-Hoc|iPhone.Deploy.0 = Ad-Hoc|iPhone
		{67422085-90C7-4ED5-B9A6-0F89C1A6E925}.Ad-Hoc|iPhoneSimulator.ActiveCfg = Ad-Hoc|iPhoneSimulator
		{67422085-90C7-4ED5-B9A6-0F89C1A6E925}.Ad-Hoc|iPhoneSimulator.Build.0 = Ad-Hoc|iPhoneSimulator
		{67422085-90C7-4ED5-B9A6-0F89C1A6E925}.Ad-Hoc|iPhoneSimulator.Deploy.0 = Ad-Hoc|iPhoneSimulator
		{67422085-90C7-4ED5-B9A6-0F89C1A6E925}.Ad-Hoc|x64.ActiveCfg = Ad-Hoc|iPhone
		{67422085-90C7-4ED5-B9A6-0F89C1A6E925}.Ad-Hoc|x64.Build.0 = Ad-Hoc|iPhone
		{67422085-90C7-4ED5-B9A6-0F89C1A6E925}.Ad-Hoc|x64.Deploy.0 = Ad-Hoc|iPhone
		{67422085-90C7-4ED5-B9A6-0F89C1A6E925}.Ad-Hoc|x86.ActiveCfg = Ad-Hoc|iPhone
		{67422085-90C7-4ED5-B9A6-0F89C1A6E925}.Ad-Hoc|x86.Build.0 = Ad-Hoc|iPhone
		{67422085-90C7-4ED5-B9A6-0F89C1A6E925}.Ad-Hoc|x86.Deploy.0 = Ad-Hoc|iPhone
		{67422085-90C7-4ED5-B9A6-0F89C1A6E925}.AppStore|Any CPU.ActiveCfg = AppStore|iPhone
		{67422085-90C7-4ED5-B9A6-0F89C1A6E925}.AppStore|Any CPU.Build.0 = AppStore|iPhone
		{67422085-90C7-4ED5-B9A6-0F89C1A6E925}.AppStore|Any CPU.Deploy.0 = AppStore|iPhone
		{67422085-90C7-4ED5-B9A6-0F89C1A6E925}.AppStore|ARM.ActiveCfg = AppStore|iPhone
		{67422085-90C7-4ED5-B9A6-0F89C1A6E925}.AppStore|ARM.Build.0 = AppStore|iPhone
		{67422085-90C7-4ED5-B9A6-0F89C1A6E925}.AppStore|ARM.Deploy.0 = AppStore|iPhone
		{67422085-90C7-4ED5-B9A6-0F89C1A6E925}.AppStore|iPhone.ActiveCfg = AppStore|iPhone
		{67422085-90C7-4ED5-B9A6-0F89C1A6E925}.AppStore|iPhone.Build.0 = AppStore|iPhone
		{67422085-90C7-4ED5-B9A6-0F89C1A6E925}.AppStore|iPhone.Deploy.0 = AppStore|iPhone
		{67422085-90C7-4ED5-B9A6-0F89C1A6E925}.AppStore|iPhoneSimulator.ActiveCfg = AppStore|iPhoneSimulator
		{67422085-90C7-4ED5-B9A6-0F89C1A6E925}.AppStore|iPhoneSimulator.Build.0 = AppStore|iPhoneSimulator
		{67422085-90C7-4ED5-B9A6-0F89C1A6E925}.AppStore|iPhoneSimulator.Deploy.0 = AppStore|iPhoneSimulator
		{67422085-90C7-4ED5-B9A6-0F89C1A6E925}.AppStore|x64.ActiveCfg = AppStore|iPhone
		{67422085-90C7-4ED5-B9A6-0F89C1A6E925}.AppStore|x64.Build.0 = AppStore|iPhone
		{67422085-90C7-4ED5-B9A6-0F89C1A6E925}.AppStore|x64.Deploy.0 = AppStore|iPhone
		{67422085-90C7-4ED5-B9A6-0F89C1A6E925}.AppStore|x86.ActiveCfg = AppStore|iPhone
		{67422085-90C7-4ED5-B9A6-0F89C1A6E925}.AppStore|x86.Build.0 = AppStore|iPhone
		{67422085-90C7-4ED5-B9A6-0F89C1A6E925}.AppStore|x86.Deploy.0 = AppStore|iPhone
		{67422085-90C7-4ED5-B9A6-0F89C1A6E925}.Debug|Any CPU.ActiveCfg = Debug|iPhoneSimulator
		{67422085-90C7-4ED5-B9A6-0F89C1A6E925}.Debug|Any CPU.Build.0 = Debug|iPhoneSimulator
		{67422085-90C7-4ED5-B9A6-0F89C1A6E925}.Debug|Any CPU.Deploy.0 = Debug|iPhoneSimulator
		{67422085-90C7-4ED5-B9A6-0F89C1A6E925}.Debug|ARM.ActiveCfg = Debug|iPhone
		{67422085-90C7-4ED5-B9A6-0F89C1A6E925}.Debug|ARM.Build.0 = Debug|iPhone
		{67422085-90C7-4ED5-B9A6-0F89C1A6E925}.Debug|ARM.Deploy.0 = Debug|iPhone
		{67422085-90C7-4ED5-B9A6-0F89C1A6E925}.Debug|iPhone.ActiveCfg = Debug|iPhone
		{67422085-90C7-4ED5-B9A6-0F89C1A6E925}.Debug|iPhone.Build.0 = Debug|iPhone
		{67422085-90C7-4ED5-B9A6-0F89C1A6E925}.Debug|iPhone.Deploy.0 = Debug|iPhone
		{67422085-90C7-4ED5-B9A6-0F89C1A6E925}.Debug|iPhoneSimulator.ActiveCfg = Debug|iPhoneSimulator
		{67422085-90C7-4ED5-B9A6-0F89C1A6E925}.Debug|iPhoneSimulator.Build.0 = Debug|iPhoneSimulator
		{67422085-90C7-4ED5-B9A6-0F89C1A6E925}.Debug|iPhoneSimulator.Deploy.0 = Debug|iPhoneSimulator
		{67422085-90C7-4ED5-B9A6-0F89C1A6E925}.Debug|x64.ActiveCfg = Debug|iPhone
		{67422085-90C7-4ED5-B9A6-0F89C1A6E925}.Debug|x64.Build.0 = Debug|iPhone
		{67422085-90C7-4ED5-B9A6-0F89C1A6E925}.Debug|x64.Deploy.0 = Debug|iPhone
		{67422085-90C7-4ED5-B9A6-0F89C1A6E925}.Debug|x86.ActiveCfg = Debug|iPhone
		{67422085-90C7-4ED5-B9A6-0F89C1A6E925}.Debug|x86.Build.0 = Debug|iPhone
		{67422085-90C7-4ED5-B9A6-0F89C1A6E925}.Debug|x86.Deploy.0 = Debug|iPhone
		{67422085-90C7-4ED5-B9A6-0F89C1A6E925}.Release|Any CPU.ActiveCfg = Release|iPhone
		{67422085-90C7-4ED5-B9A6-0F89C1A6E925}.Release|Any CPU.Build.0 = Release|iPhone
		{67422085-90C7-4ED5-B9A6-0F89C1A6E925}.Release|Any CPU.Deploy.0 = Release|iPhone
		{67422085-90C7-4ED5-B9A6-0F89C1A6E925}.Release|ARM.ActiveCfg = Release|iPhone
		{67422085-90C7-4ED5-B9A6-0F89C1A6E925}.Release|ARM.Build.0 = Release|iPhone
		{67422085-90C7-4ED5-B9A6-0F89C1A6E925}.Release|ARM.Deploy.0 = Release|iPhone
		{67422085-90C7-4ED5-B9A6-0F89C1A6E925}.Release|iPhone.ActiveCfg = Release|iPhone
		{67422085-90C7-4ED5-B9A6-0F89C1A6E925}.Release|iPhone.Build.0 = Release|iPhone
		{67422085-90C7-4ED5-B9A6-0F89C1A6E925}.Release|iPhone.Deploy.0 = Release|iPhone
		{67422085-90C7-4ED5-B9A6-0F89C1A6E925}.Release|iPhoneSimulator.ActiveCfg = Release|iPhoneSimulator
		{67422085-90C7-4ED5-B9A6-0F89C1A6E925}.Release|iPhoneSimulator.Build.0 = Release|iPhoneSimulator
		{67422085-90C7-4ED5-B9A6-0F89C1A6E925}.Release|iPhoneSimulator.Deploy.0 = Release|iPhoneSimulator
		{67422085-90C7-4ED5-B9A6-0F89C1A6E925}.Release|x64.ActiveCfg = Release|iPhone
		{67422085-90C7-4ED5-B9A6-0F89C1A6E925}.Release|x64.Build.0 = Release|iPhone
		{67422085-90C7-4ED5-B9A6-0F89C1A6E925}.Release|x64.Deploy.0 = Release|iPhone
		{67422085-90C7-4ED5-B9A6-0F89C1A6E925}.Release|x86.ActiveCfg = Release|iPhone
		{67422085-90C7-4ED5-B9A6-0F89C1A6E925}.Release|x86.Build.0 = Release|iPhone
		{67422085-90C7-4ED5-B9A6-0F89C1A6E925}.Release|x86.Deploy.0 = Release|iPhone
		{68370703-CDBA-419D-8728-AA10950C8E63}.Ad-Hoc|Any CPU.ActiveCfg = Release|x86
		{68370703-CDBA-419D-8728-AA10950C8E63}.Ad-Hoc|Any CPU.Build.0 = Release|x86
		{68370703-CDBA-419D-8728-AA10950C8E63}.Ad-Hoc|Any CPU.Deploy.0 = Release|x86
		{68370703-CDBA-419D-8728-AA10950C8E63}.Ad-Hoc|ARM.ActiveCfg = Release|ARM
		{68370703-CDBA-419D-8728-AA10950C8E63}.Ad-Hoc|ARM.Build.0 = Release|ARM
		{68370703-CDBA-419D-8728-AA10950C8E63}.Ad-Hoc|ARM.Deploy.0 = Release|ARM
		{68370703-CDBA-419D-8728-AA10950C8E63}.Ad-Hoc|iPhone.ActiveCfg = Release|x86
		{68370703-CDBA-419D-8728-AA10950C8E63}.Ad-Hoc|iPhone.Build.0 = Release|x86
		{68370703-CDBA-419D-8728-AA10950C8E63}.Ad-Hoc|iPhone.Deploy.0 = Release|x86
		{68370703-CDBA-419D-8728-AA10950C8E63}.Ad-Hoc|iPhoneSimulator.ActiveCfg = Release|x86
		{68370703-CDBA-419D-8728-AA10950C8E63}.Ad-Hoc|iPhoneSimulator.Build.0 = Release|x86
		{68370703-CDBA-419D-8728-AA10950C8E63}.Ad-Hoc|iPhoneSimulator.Deploy.0 = Release|x86
		{68370703-CDBA-419D-8728-AA10950C8E63}.Ad-Hoc|x64.ActiveCfg = Release|x64
		{68370703-CDBA-419D-8728-AA10950C8E63}.Ad-Hoc|x64.Build.0 = Release|x64
		{68370703-CDBA-419D-8728-AA10950C8E63}.Ad-Hoc|x64.Deploy.0 = Release|x64
		{68370703-CDBA-419D-8728-AA10950C8E63}.Ad-Hoc|x86.ActiveCfg = Release|x86
		{68370703-CDBA-419D-8728-AA10950C8E63}.Ad-Hoc|x86.Build.0 = Release|x86
		{68370703-CDBA-419D-8728-AA10950C8E63}.Ad-Hoc|x86.Deploy.0 = Release|x86
		{68370703-CDBA-419D-8728-AA10950C8E63}.AppStore|Any CPU.ActiveCfg = Release|x86
		{68370703-CDBA-419D-8728-AA10950C8E63}.AppStore|Any CPU.Build.0 = Release|x86
		{68370703-CDBA-419D-8728-AA10950C8E63}.AppStore|Any CPU.Deploy.0 = Release|x86
		{68370703-CDBA-419D-8728-AA10950C8E63}.AppStore|ARM.ActiveCfg = Release|ARM
		{68370703-CDBA-419D-8728-AA10950C8E63}.AppStore|ARM.Build.0 = Release|ARM
		{68370703-CDBA-419D-8728-AA10950C8E63}.AppStore|ARM.Deploy.0 = Release|ARM
		{68370703-CDBA-419D-8728-AA10950C8E63}.AppStore|iPhone.ActiveCfg = Release|x86
		{68370703-CDBA-419D-8728-AA10950C8E63}.AppStore|iPhone.Build.0 = Release|x86
		{68370703-CDBA-419D-8728-AA10950C8E63}.AppStore|iPhone.Deploy.0 = Release|x86
		{68370703-CDBA-419D-8728-AA10950C8E63}.AppStore|iPhoneSimulator.ActiveCfg = Release|x86
		{68370703-CDBA-419D-8728-AA10950C8E63}.AppStore|iPhoneSimulator.Build.0 = Release|x86
		{68370703-CDBA-419D-8728-AA10950C8E63}.AppStore|iPhoneSimulator.Deploy.0 = Release|x86
		{68370703-CDBA-419D-8728-AA10950C8E63}.AppStore|x64.ActiveCfg = Release|x64
		{68370703-CDBA-419D-8728-AA10950C8E63}.AppStore|x64.Build.0 = Release|x64
		{68370703-CDBA-419D-8728-AA10950C8E63}.AppStore|x64.Deploy.0 = Release|x64
		{68370703-CDBA-419D-8728-AA10950C8E63}.AppStore|x86.ActiveCfg = Release|x86
		{68370703-CDBA-419D-8728-AA10950C8E63}.AppStore|x86.Build.0 = Release|x86
		{68370703-CDBA-419D-8728-AA10950C8E63}.AppStore|x86.Deploy.0 = Release|x86
		{68370703-CDBA-419D-8728-AA10950C8E63}.Debug|Any CPU.ActiveCfg = Debug|x86
		{68370703-CDBA-419D-8728-AA10950C8E63}.Debug|Any CPU.Build.0 = Debug|x86
		{68370703-CDBA-419D-8728-AA10950C8E63}.Debug|Any CPU.Deploy.0 = Debug|x86
		{68370703-CDBA-419D-8728-AA10950C8E63}.Debug|ARM.ActiveCfg = Debug|ARM
		{68370703-CDBA-419D-8728-AA10950C8E63}.Debug|ARM.Build.0 = Debug|ARM
		{68370703-CDBA-419D-8728-AA10950C8E63}.Debug|ARM.Deploy.0 = Debug|ARM
		{68370703-CDBA-419D-8728-AA10950C8E63}.Debug|iPhone.ActiveCfg = Debug|x86
		{68370703-CDBA-419D-8728-AA10950C8E63}.Debug|iPhone.Build.0 = Debug|x86
		{68370703-CDBA-419D-8728-AA10950C8E63}.Debug|iPhone.Deploy.0 = Debug|x86
		{68370703-CDBA-419D-8728-AA10950C8E63}.Debug|iPhoneSimulator.ActiveCfg = Debug|x86
		{68370703-CDBA-419D-8728-AA10950C8E63}.Debug|iPhoneSimulator.Build.0 = Debug|x86
		{68370703-CDBA-419D-8728-AA10950C8E63}.Debug|iPhoneSimulator.Deploy.0 = Debug|x86
		{68370703-CDBA-419D-8728-AA10950C8E63}.Debug|x64.ActiveCfg = Debug|x64
		{68370703-CDBA-419D-8728-AA10950C8E63}.Debug|x64.Build.0 = Debug|x64
		{68370703-CDBA-419D-8728-AA10950C8E63}.Debug|x64.Deploy.0 = Debug|x64
		{68370703-CDBA-419D-8728-AA10950C8E63}.Debug|x86.ActiveCfg = Debug|x86
		{68370703-CDBA-419D-8728-AA10950C8E63}.Debug|x86.Build.0 = Debug|x86
		{68370703-CDBA-419D-8728-AA10950C8E63}.Debug|x86.Deploy.0 = Debug|x86
		{68370703-CDBA-419D-8728-AA10950C8E63}.Release|Any CPU.ActiveCfg = Release|x86
		{68370703-CDBA-419D-8728-AA10950C8E63}.Release|Any CPU.Build.0 = Release|x86
		{68370703-CDBA-419D-8728-AA10950C8E63}.Release|Any CPU.Deploy.0 = Release|x86
		{68370703-CDBA-419D-8728-AA10950C8E63}.Release|ARM.ActiveCfg = Release|ARM
		{68370703-CDBA-419D-8728-AA10950C8E63}.Release|ARM.Build.0 = Release|ARM
		{68370703-CDBA-419D-8728-AA10950C8E63}.Release|ARM.Deploy.0 = Release|ARM
		{68370703-CDBA-419D-8728-AA10950C8E63}.Release|iPhone.ActiveCfg = Release|x86
		{68370703-CDBA-419D-8728-AA10950C8E63}.Release|iPhone.Build.0 = Release|x86
		{68370703-CDBA-419D-8728-AA10950C8E63}.Release|iPhone.Deploy.0 = Release|x86
		{68370703-CDBA-419D-8728-AA10950C8E63}.Release|iPhoneSimulator.ActiveCfg = Release|x86
		{68370703-CDBA-419D-8728-AA10950C8E63}.Release|iPhoneSimulator.Build.0 = Release|x86
		{68370703-CDBA-419D-8728-AA10950C8E63}.Release|iPhoneSimulator.Deploy.0 = Release|x86
		{68370703-CDBA-419D-8728-AA10950C8E63}.Release|x64.ActiveCfg = Release|x64
		{68370703-CDBA-419D-8728-AA10950C8E63}.Release|x64.Build.0 = Release|x64
		{68370703-CDBA-419D-8728-AA10950C8E63}.Release|x64.Deploy.0 = Release|x64
		{68370703-CDBA-419D-8728-AA10950C8E63}.Release|x86.ActiveCfg = Release|x86
		{68370703-CDBA-419D-8728-AA10950C8E63}.Release|x86.Build.0 = Release|x86
		{68370703-CDBA-419D-8728-AA10950C8E63}.Release|x86.Deploy.0 = Release|x86
		{A0F102FA-3111-45ED-98C9-7003E94B703D}.Ad-Hoc|Any CPU.ActiveCfg = Debug|Any CPU
		{A0F102FA-3111-45ED-98C9-7003E94B703D}.Ad-Hoc|Any CPU.Build.0 = Debug|Any CPU
		{A0F102FA-3111-45ED-98C9-7003E94B703D}.Ad-Hoc|Any CPU.Deploy.0 = Debug|Any CPU
		{A0F102FA-3111-45ED-98C9-7003E94B703D}.Ad-Hoc|ARM.ActiveCfg = Debug|Any CPU
		{A0F102FA-3111-45ED-98C9-7003E94B703D}.Ad-Hoc|ARM.Build.0 = Debug|Any CPU
		{A0F102FA-3111-45ED-98C9-7003E94B703D}.Ad-Hoc|ARM.Deploy.0 = Debug|Any CPU
		{A0F102FA-3111-45ED-98C9-7003E94B703D}.Ad-Hoc|iPhone.ActiveCfg = Debug|Any CPU
		{A0F102FA-3111-45ED-98C9-7003E94B703D}.Ad-Hoc|iPhone.Build.0 = Debug|Any CPU
		{A0F102FA-3111-45ED-98C9-7003E94B703D}.Ad-Hoc|iPhone.Deploy.0 = Debug|Any CPU
		{A0F102FA-3111-45ED-98C9-7003E94B703D}.Ad-Hoc|iPhoneSimulator.ActiveCfg = Debug|Any CPU
		{A0F102FA-3111-45ED-98C9-7003E94B703D}.Ad-Hoc|iPhoneSimulator.Build.0 = Debug|Any CPU
		{A0F102FA-3111-45ED-98C9-7003E94B703D}.Ad-Hoc|iPhoneSimulator.Deploy.0 = Debug|Any CPU
		{A0F102FA-3111-45ED-98C9-7003E94B703D}.Ad-Hoc|x64.ActiveCfg = Debug|Any CPU
		{A0F102FA-3111-45ED-98C9-7003E94B703D}.Ad-Hoc|x64.Build.0 = Debug|Any CPU
		{A0F102FA-3111-45ED-98C9-7003E94B703D}.Ad-Hoc|x64.Deploy.0 = Debug|Any CPU
		{A0F102FA-3111-45ED-98C9-7003E94B703D}.Ad-Hoc|x86.ActiveCfg = Debug|Any CPU
		{A0F102FA-3111-45ED-98C9-7003E94B703D}.Ad-Hoc|x86.Build.0 = Debug|Any CPU
		{A0F102FA-3111-45ED-98C9-7003E94B703D}.Ad-Hoc|x86.Deploy.0 = Debug|Any CPU
		{A0F102FA-3111-45ED-98C9-7003E94B703D}.AppStore|Any CPU.ActiveCfg = Debug|Any CPU
		{A0F102FA-3111-45ED-98C9-7003E94B703D}.AppStore|Any CPU.Build.0 = Debug|Any CPU
		{A0F102FA-3111-45ED-98C9-7003E94B703D}.AppStore|Any CPU.Deploy.0 = Debug|Any CPU
		{A0F102FA-3111-45ED-98C9-7003E94B703D}.AppStore|ARM.ActiveCfg = Debug|Any CPU
		{A0F102FA-3111-45ED-98C9-7003E94B703D}.AppStore|ARM.Build.0 = Debug|Any CPU
		{A0F102FA-3111-45ED-98C9-7003E94B703D}.AppStore|ARM.Deploy.0 = Debug|Any CPU
		{A0F102FA-3111-45ED-98C9-7003E94B703D}.AppStore|iPhone.ActiveCfg = Debug|Any CPU
		{A0F102FA-3111-45ED-98C9-7003E94B703D}.AppStore|iPhone.Build.0 = Debug|Any CPU
		{A0F102FA-3111-45ED-98C9-7003E94B703D}.AppStore|iPhone.Deploy.0 = Debug|Any CPU
		{A0F102FA-3111-45ED-98C9-7003E94B703D}.AppStore|iPhoneSimulator.ActiveCfg = Debug|Any CPU
		{A0F102FA-3111-45ED-98C9-7003E94B703D}.AppStore|iPhoneSimulator.Build.0 = Debug|Any CPU
		{A0F102FA-3111-45ED-98C9-7003E94B703D}.AppStore|iPhoneSimulator.Deploy.0 = Debug|Any CPU
		{A0F102FA-3111-45ED-98C9-7003E94B703D}.AppStore|x64.ActiveCfg = Debug|Any CPU
		{A0F102FA-3111-45ED-98C9-7003E94B703D}.AppStore|x64.Build.0 = Debug|Any CPU
		{A0F102FA-3111-45ED-98C9-7003E94B703D}.AppStore|x64.Deploy.0 = Debug|Any CPU
		{A0F102FA-3111-45ED-98C9-7003E94B703D}.AppStore|x86.ActiveCfg = Debug|Any CPU
		{A0F102FA-3111-45ED-98C9-7003E94B703D}.AppStore|x86.Build.0 = Debug|Any CPU
		{A0F102FA-3111-45ED-98C9-7003E94B703D}.AppStore|x86.Deploy.0 = Debug|Any CPU
		{A0F102FA-3111-45ED-98C9-7003E94B703D}.Debug|Any CPU.ActiveCfg = Debug|Any CPU
		{A0F102FA-3111-45ED-98C9-7003E94B703D}.Debug|Any CPU.Build.0 = Debug|Any CPU
		{A0F102FA-3111-45ED-98C9-7003E94B703D}.Debug|Any CPU.Deploy.0 = Debug|Any CPU
		{A0F102FA-3111-45ED-98C9-7003E94B703D}.Debug|ARM.ActiveCfg = Debug|Any CPU
		{A0F102FA-3111-45ED-98C9-7003E94B703D}.Debug|ARM.Build.0 = Debug|Any CPU
		{A0F102FA-3111-45ED-98C9-7003E94B703D}.Debug|ARM.Deploy.0 = Debug|Any CPU
		{A0F102FA-3111-45ED-98C9-7003E94B703D}.Debug|iPhone.ActiveCfg = Debug|Any CPU
		{A0F102FA-3111-45ED-98C9-7003E94B703D}.Debug|iPhone.Build.0 = Debug|Any CPU
		{A0F102FA-3111-45ED-98C9-7003E94B703D}.Debug|iPhone.Deploy.0 = Debug|Any CPU
		{A0F102FA-3111-45ED-98C9-7003E94B703D}.Debug|iPhoneSimulator.ActiveCfg = Debug|Any CPU
		{A0F102FA-3111-45ED-98C9-7003E94B703D}.Debug|iPhoneSimulator.Build.0 = Debug|Any CPU
		{A0F102FA-3111-45ED-98C9-7003E94B703D}.Debug|iPhoneSimulator.Deploy.0 = Debug|Any CPU
		{A0F102FA-3111-45ED-98C9-7003E94B703D}.Debug|x64.ActiveCfg = Debug|Any CPU
		{A0F102FA-3111-45ED-98C9-7003E94B703D}.Debug|x64.Build.0 = Debug|Any CPU
		{A0F102FA-3111-45ED-98C9-7003E94B703D}.Debug|x64.Deploy.0 = Debug|Any CPU
		{A0F102FA-3111-45ED-98C9-7003E94B703D}.Debug|x86.ActiveCfg = Debug|Any CPU
		{A0F102FA-3111-45ED-98C9-7003E94B703D}.Debug|x86.Build.0 = Debug|Any CPU
		{A0F102FA-3111-45ED-98C9-7003E94B703D}.Debug|x86.Deploy.0 = Debug|Any CPU
		{A0F102FA-3111-45ED-98C9-7003E94B703D}.Release|Any CPU.ActiveCfg = Release|Any CPU
		{A0F102FA-3111-45ED-98C9-7003E94B703D}.Release|Any CPU.Build.0 = Release|Any CPU
		{A0F102FA-3111-45ED-98C9-7003E94B703D}.Release|Any CPU.Deploy.0 = Release|Any CPU
		{A0F102FA-3111-45ED-98C9-7003E94B703D}.Release|ARM.ActiveCfg = Release|Any CPU
		{A0F102FA-3111-45ED-98C9-7003E94B703D}.Release|ARM.Build.0 = Release|Any CPU
		{A0F102FA-3111-45ED-98C9-7003E94B703D}.Release|ARM.Deploy.0 = Release|Any CPU
		{A0F102FA-3111-45ED-98C9-7003E94B703D}.Release|iPhone.ActiveCfg = Release|Any CPU
		{A0F102FA-3111-45ED-98C9-7003E94B703D}.Release|iPhone.Build.0 = Release|Any CPU
		{A0F102FA-3111-45ED-98C9-7003E94B703D}.Release|iPhone.Deploy.0 = Release|Any CPU
		{A0F102FA-3111-45ED-98C9-7003E94B703D}.Release|iPhoneSimulator.ActiveCfg = Release|Any CPU
		{A0F102FA-3111-45ED-98C9-7003E94B703D}.Release|iPhoneSimulator.Build.0 = Release|Any CPU
		{A0F102FA-3111-45ED-98C9-7003E94B703D}.Release|iPhoneSimulator.Deploy.0 = Release|Any CPU
		{A0F102FA-3111-45ED-98C9-7003E94B703D}.Release|x64.ActiveCfg = Release|Any CPU
		{A0F102FA-3111-45ED-98C9-7003E94B703D}.Release|x64.Build.0 = Release|Any CPU
		{A0F102FA-3111-45ED-98C9-7003E94B703D}.Release|x64.Deploy.0 = Release|Any CPU
		{A0F102FA-3111-45ED-98C9-7003E94B703D}.Release|x86.ActiveCfg = Release|Any CPU
		{A0F102FA-3111-45ED-98C9-7003E94B703D}.Release|x86.Build.0 = Release|Any CPU
		{A0F102FA-3111-45ED-98C9-7003E94B703D}.Release|x86.Deploy.0 = Release|Any CPU
	EndGlobalSection
	GlobalSection(SolutionProperties) = preSolution
		HideSolutionNode = FALSE
	EndGlobalSection
	GlobalSection(ExtensibilityGlobals) = postSolution
		SolutionGuid = {2AFBCB96-1175-472E-B65A-8F7B5C686B6B}
	EndGlobalSection
EndGlobal
