
Microsoft Visual Studio Solution File, Format Version 12.00
# Visual Studio 15
VisualStudioVersion = 15.0.28307.705
MinimumVisualStudioVersion = 10.0.40219.1
Project("{FAE04EC0-301F-11D3-BF4B-00C04F79EFBC}") = "AppYellow.Android", "AppYellow\AppYellow.Android\AppYellow.Android.csproj", "{2BABB1BE-565A-4373-869C-9AFE5BD3BACC}"
EndProject
Project("{FAE04EC0-301F-11D3-BF4B-00C04F79EFBC}") = "AppYellow.iOS", "AppYellow\AppYellow.iOS\AppYellow.iOS.csproj", "{C2C98E16-4FF4-4724-986F-EBF385C92ED2}"
EndProject
Project("{FAE04EC0-301F-11D3-BF4B-00C04F79EFBC}") = "AppYellow", "AppYellow\AppYellow\AppYellow.csproj", "{1F585A58-EF9F-4533-B2EC-46BED831C85D}"
EndProject
Global
	GlobalSection(SolutionConfigurationPlatforms) = preSolution
		Ad-Hoc|Any CPU = Ad-Hoc|Any CPU
		Ad-Hoc|iPhone = Ad-Hoc|iPhone
		Ad-Hoc|iPhoneSimulator = Ad-Hoc|iPhoneSimulator
		AppStore|Any CPU = AppStore|Any CPU
		AppStore|iPhone = AppStore|iPhone
		AppStore|iPhoneSimulator = AppStore|iPhoneSimulator
		Debug|Any CPU = Debug|Any CPU
		Debug|iPhone = Debug|iPhone
		Debug|iPhoneSimulator = Debug|iPhoneSimulator
		Release|Any CPU = Release|Any CPU
		Release|iPhone = Release|iPhone
		Release|iPhoneSimulator = Release|iPhoneSimulator
	EndGlobalSection
	GlobalSection(ProjectConfigurationPlatforms) = postSolution
		{2BABB1BE-565A-4373-869C-9AFE5BD3BACC}.Ad-Hoc|Any CPU.ActiveCfg = Release|Any CPU
		{2BABB1BE-565A-4373-869C-9AFE5BD3BACC}.Ad-Hoc|Any CPU.Build.0 = Release|Any CPU
		{2BABB1BE-565A-4373-869C-9AFE5BD3BACC}.Ad-Hoc|Any CPU.Deploy.0 = Release|Any CPU
		{2BABB1BE-565A-4373-869C-9AFE5BD3BACC}.Ad-Hoc|iPhone.ActiveCfg = Release|Any CPU
		{2BABB1BE-565A-4373-869C-9AFE5BD3BACC}.Ad-Hoc|iPhone.Build.0 = Release|Any CPU
		{2BABB1BE-565A-4373-869C-9AFE5BD3BACC}.Ad-Hoc|iPhone.Deploy.0 = Release|Any CPU
		{2BABB1BE-565A-4373-869C-9AFE5BD3BACC}.Ad-Hoc|iPhoneSimulator.ActiveCfg = Release|Any CPU
		{2BABB1BE-565A-4373-869C-9AFE5BD3BACC}.Ad-Hoc|iPhoneSimulator.Build.0 = Release|Any CPU
		{2BABB1BE-565A-4373-869C-9AFE5BD3BACC}.Ad-Hoc|iPhoneSimulator.Deploy.0 = Release|Any CPU
		{2BABB1BE-565A-4373-869C-9AFE5BD3BACC}.AppStore|Any CPU.ActiveCfg = Release|Any CPU
		{2BABB1BE-565A-4373-869C-9AFE5BD3BACC}.AppStore|Any CPU.Build.0 = Release|Any CPU
		{2BABB1BE-565A-4373-869C-9AFE5BD3BACC}.AppStore|Any CPU.Deploy.0 = Release|Any CPU
		{2BABB1BE-565A-4373-869C-9AFE5BD3BACC}.AppStore|iPhone.ActiveCfg = Release|Any CPU
		{2BABB1BE-565A-4373-869C-9AFE5BD3BACC}.AppStore|iPhone.Build.0 = Release|Any CPU
		{2BABB1BE-565A-4373-869C-9AFE5BD3BACC}.AppStore|iPhone.Deploy.0 = Release|Any CPU
		{2BABB1BE-565A-4373-869C-9AFE5BD3BACC}.AppStore|iPhoneSimulator.ActiveCfg = Release|Any CPU
		{2BABB1BE-565A-4373-869C-9AFE5BD3BACC}.AppStore|iPhoneSimulator.Build.0 = Release|Any CPU
		{2BABB1BE-565A-4373-869C-9AFE5BD3BACC}.AppStore|iPhoneSimulator.Deploy.0 = Release|Any CPU
		{2BABB1BE-565A-4373-869C-9AFE5BD3BACC}.Debug|Any CPU.ActiveCfg = Debug|Any CPU
		{2BABB1BE-565A-4373-869C-9AFE5BD3BACC}.Debug|Any CPU.Build.0 = Debug|Any CPU
		{2BABB1BE-565A-4373-869C-9AFE5BD3BACC}.Debug|Any CPU.Deploy.0 = Debug|Any CPU
		{2BABB1BE-565A-4373-869C-9AFE5BD3BACC}.Debug|iPhone.ActiveCfg = Debug|Any CPU
		{2BABB1BE-565A-4373-869C-9AFE5BD3BACC}.Debug|iPhone.Build.0 = Debug|Any CPU
		{2BABB1BE-565A-4373-869C-9AFE5BD3BACC}.Debug|iPhone.Deploy.0 = Debug|Any CPU
		{2BABB1BE-565A-4373-869C-9AFE5BD3BACC}.Debug|iPhoneSimulator.ActiveCfg = Debug|Any CPU
		{2BABB1BE-565A-4373-869C-9AFE5BD3BACC}.Debug|iPhoneSimulator.Build.0 = Debug|Any CPU
		{2BABB1BE-565A-4373-869C-9AFE5BD3BACC}.Debug|iPhoneSimulator.Deploy.0 = Debug|Any CPU
		{2BABB1BE-565A-4373-869C-9AFE5BD3BACC}.Release|Any CPU.ActiveCfg = Release|Any CPU
		{2BABB1BE-565A-4373-869C-9AFE5BD3BACC}.Release|Any CPU.Build.0 = Release|Any CPU
		{2BABB1BE-565A-4373-869C-9AFE5BD3BACC}.Release|Any CPU.Deploy.0 = Release|Any CPU
		{2BABB1BE-565A-4373-869C-9AFE5BD3BACC}.Release|iPhone.ActiveCfg = Release|Any CPU
		{2BABB1BE-565A-4373-869C-9AFE5BD3BACC}.Release|iPhone.Build.0 = Release|Any CPU
		{2BABB1BE-565A-4373-869C-9AFE5BD3BACC}.Release|iPhone.Deploy.0 = Release|Any CPU
		{2BABB1BE-565A-4373-869C-9AFE5BD3BACC}.Release|iPhoneSimulator.ActiveCfg = Release|Any CPU
		{2BABB1BE-565A-4373-869C-9AFE5BD3BACC}.Release|iPhoneSimulator.Build.0 = Release|Any CPU
		{2BABB1BE-565A-4373-869C-9AFE5BD3BACC}.Release|iPhoneSimulator.Deploy.0 = Release|Any CPU
		{C2C98E16-4FF4-4724-986F-EBF385C92ED2}.Ad-Hoc|Any CPU.ActiveCfg = Ad-Hoc|iPhone
		{C2C98E16-4FF4-4724-986F-EBF385C92ED2}.Ad-Hoc|Any CPU.Build.0 = Ad-Hoc|iPhone
		{C2C98E16-4FF4-4724-986F-EBF385C92ED2}.Ad-Hoc|Any CPU.Deploy.0 = Ad-Hoc|iPhone
		{C2C98E16-4FF4-4724-986F-EBF385C92ED2}.Ad-Hoc|iPhone.ActiveCfg = Ad-Hoc|iPhone
		{C2C98E16-4FF4-4724-986F-EBF385C92ED2}.Ad-Hoc|iPhone.Build.0 = Ad-Hoc|iPhone
		{C2C98E16-4FF4-4724-986F-EBF385C92ED2}.Ad-Hoc|iPhone.Deploy.0 = Ad-Hoc|iPhone
		{C2C98E16-4FF4-4724-986F-EBF385C92ED2}.Ad-Hoc|iPhoneSimulator.ActiveCfg = Ad-Hoc|iPhoneSimulator
		{C2C98E16-4FF4-4724-986F-EBF385C92ED2}.Ad-Hoc|iPhoneSimulator.Build.0 = Ad-Hoc|iPhoneSimulator
		{C2C98E16-4FF4-4724-986F-EBF385C92ED2}.Ad-Hoc|iPhoneSimulator.Deploy.0 = Ad-Hoc|iPhoneSimulator
		{C2C98E16-4FF4-4724-986F-EBF385C92ED2}.AppStore|Any CPU.ActiveCfg = AppStore|iPhone
		{C2C98E16-4FF4-4724-986F-EBF385C92ED2}.AppStore|Any CPU.Build.0 = AppStore|iPhone
		{C2C98E16-4FF4-4724-986F-EBF385C92ED2}.AppStore|Any CPU.Deploy.0 = AppStore|iPhone
		{C2C98E16-4FF4-4724-986F-EBF385C92ED2}.AppStore|iPhone.ActiveCfg = AppStore|iPhone
		{C2C98E16-4FF4-4724-986F-EBF385C92ED2}.AppStore|iPhone.Build.0 = AppStore|iPhone
		{C2C98E16-4FF4-4724-986F-EBF385C92ED2}.AppStore|iPhone.Deploy.0 = AppStore|iPhone
		{C2C98E16-4FF4-4724-986F-EBF385C92ED2}.AppStore|iPhoneSimulator.ActiveCfg = AppStore|iPhoneSimulator
		{C2C98E16-4FF4-4724-986F-EBF385C92ED2}.AppStore|iPhoneSimulator.Build.0 = AppStore|iPhoneSimulator
		{C2C98E16-4FF4-4724-986F-EBF385C92ED2}.AppStore|iPhoneSimulator.Deploy.0 = AppStore|iPhoneSimulator
		{C2C98E16-4FF4-4724-986F-EBF385C92ED2}.Debug|Any CPU.ActiveCfg = Debug|iPhoneSimulator
		{C2C98E16-4FF4-4724-986F-EBF385C92ED2}.Debug|Any CPU.Build.0 = Debug|iPhoneSimulator
		{C2C98E16-4FF4-4724-986F-EBF385C92ED2}.Debug|Any CPU.Deploy.0 = Debug|iPhoneSimulator
		{C2C98E16-4FF4-4724-986F-EBF385C92ED2}.Debug|iPhone.ActiveCfg = Debug|iPhone
		{C2C98E16-4FF4-4724-986F-EBF385C92ED2}.Debug|iPhone.Build.0 = Debug|iPhone
		{C2C98E16-4FF4-4724-986F-EBF385C92ED2}.Debug|iPhone.Deploy.0 = Debug|iPhone
		{C2C98E16-4FF4-4724-986F-EBF385C92ED2}.Debug|iPhoneSimulator.ActiveCfg = Debug|iPhoneSimulator
		{C2C98E16-4FF4-4724-986F-EBF385C92ED2}.Debug|iPhoneSimulator.Build.0 = Debug|iPhoneSimulator
		{C2C98E16-4FF4-4724-986F-EBF385C92ED2}.Debug|iPhoneSimulator.Deploy.0 = Debug|iPhoneSimulator
		{C2C98E16-4FF4-4724-986F-EBF385C92ED2}.Release|Any CPU.ActiveCfg = Release|iPhone
		{C2C98E16-4FF4-4724-986F-EBF385C92ED2}.Release|Any CPU.Build.0 = Release|iPhone
		{C2C98E16-4FF4-4724-986F-EBF385C92ED2}.Release|Any CPU.Deploy.0 = Release|iPhone
		{C2C98E16-4FF4-4724-986F-EBF385C92ED2}.Release|iPhone.ActiveCfg = Release|iPhone
		{C2C98E16-4FF4-4724-986F-EBF385C92ED2}.Release|iPhone.Build.0 = Release|iPhone
		{C2C98E16-4FF4-4724-986F-EBF385C92ED2}.Release|iPhone.Deploy.0 = Release|iPhone
		{C2C98E16-4FF4-4724-986F-EBF385C92ED2}.Release|iPhoneSimulator.ActiveCfg = Release|iPhoneSimulator
		{C2C98E16-4FF4-4724-986F-EBF385C92ED2}.Release|iPhoneSimulator.Build.0 = Release|iPhoneSimulator
		{C2C98E16-4FF4-4724-986F-EBF385C92ED2}.Release|iPhoneSimulator.Deploy.0 = Release|iPhoneSimulator
		{1F585A58-EF9F-4533-B2EC-46BED831C85D}.Ad-Hoc|Any CPU.ActiveCfg = Debug|Any CPU
		{1F585A58-EF9F-4533-B2EC-46BED831C85D}.Ad-Hoc|Any CPU.Build.0 = Debug|Any CPU
		{1F585A58-EF9F-4533-B2EC-46BED831C85D}.Ad-Hoc|Any CPU.Deploy.0 = Debug|Any CPU
		{1F585A58-EF9F-4533-B2EC-46BED831C85D}.Ad-Hoc|iPhone.ActiveCfg = Debug|Any CPU
		{1F585A58-EF9F-4533-B2EC-46BED831C85D}.Ad-Hoc|iPhone.Build.0 = Debug|Any CPU
		{1F585A58-EF9F-4533-B2EC-46BED831C85D}.Ad-Hoc|iPhone.Deploy.0 = Debug|Any CPU
		{1F585A58-EF9F-4533-B2EC-46BED831C85D}.Ad-Hoc|iPhoneSimulator.ActiveCfg = Debug|Any CPU
		{1F585A58-EF9F-4533-B2EC-46BED831C85D}.Ad-Hoc|iPhoneSimulator.Build.0 = Debug|Any CPU
		{1F585A58-EF9F-4533-B2EC-46BED831C85D}.Ad-Hoc|iPhoneSimulator.Deploy.0 = Debug|Any CPU
		{1F585A58-EF9F-4533-B2EC-46BED831C85D}.AppStore|Any CPU.ActiveCfg = Debug|Any CPU
		{1F585A58-EF9F-4533-B2EC-46BED831C85D}.AppStore|Any CPU.Build.0 = Debug|Any CPU
		{1F585A58-EF9F-4533-B2EC-46BED831C85D}.AppStore|Any CPU.Deploy.0 = Debug|Any CPU
		{1F585A58-EF9F-4533-B2EC-46BED831C85D}.AppStore|iPhone.ActiveCfg = Debug|Any CPU
		{1F585A58-EF9F-4533-B2EC-46BED831C85D}.AppStore|iPhone.Build.0 = Debug|Any CPU
		{1F585A58-EF9F-4533-B2EC-46BED831C85D}.AppStore|iPhone.Deploy.0 = Debug|Any CPU
		{1F585A58-EF9F-4533-B2EC-46BED831C85D}.AppStore|iPhoneSimulator.ActiveCfg = Debug|Any CPU
		{1F585A58-EF9F-4533-B2EC-46BED831C85D}.AppStore|iPhoneSimulator.Build.0 = Debug|Any CPU
		{1F585A58-EF9F-4533-B2EC-46BED831C85D}.AppStore|iPhoneSimulator.Deploy.0 = Debug|Any CPU
		{1F585A58-EF9F-4533-B2EC-46BED831C85D}.Debug|Any CPU.ActiveCfg = Debug|Any CPU
		{1F585A58-EF9F-4533-B2EC-46BED831C85D}.Debug|Any CPU.Build.0 = Debug|Any CPU
		{1F585A58-EF9F-4533-B2EC-46BED831C85D}.Debug|Any CPU.Deploy.0 = Debug|Any CPU
		{1F585A58-EF9F-4533-B2EC-46BED831C85D}.Debug|iPhone.ActiveCfg = Debug|Any CPU
		{1F585A58-EF9F-4533-B2EC-46BED831C85D}.Debug|iPhone.Build.0 = Debug|Any CPU
		{1F585A58-EF9F-4533-B2EC-46BED831C85D}.Debug|iPhone.Deploy.0 = Debug|Any CPU
		{1F585A58-EF9F-4533-B2EC-46BED831C85D}.Debug|iPhoneSimulator.ActiveCfg = Debug|Any CPU
		{1F585A58-EF9F-4533-B2EC-46BED831C85D}.Debug|iPhoneSimulator.Build.0 = Debug|Any CPU
		{1F585A58-EF9F-4533-B2EC-46BED831C85D}.Debug|iPhoneSimulator.Deploy.0 = Debug|Any CPU
		{1F585A58-EF9F-4533-B2EC-46BED831C85D}.Release|Any CPU.ActiveCfg = Release|Any CPU
		{1F585A58-EF9F-4533-B2EC-46BED831C85D}.Release|Any CPU.Build.0 = Release|Any CPU
		{1F585A58-EF9F-4533-B2EC-46BED831C85D}.Release|Any CPU.Deploy.0 = Release|Any CPU
		{1F585A58-EF9F-4533-B2EC-46BED831C85D}.Release|iPhone.ActiveCfg = Release|Any CPU
		{1F585A58-EF9F-4533-B2EC-46BED831C85D}.Release|iPhone.Build.0 = Release|Any CPU
		{1F585A58-EF9F-4533-B2EC-46BED831C85D}.Release|iPhone.Deploy.0 = Release|Any CPU
		{1F585A58-EF9F-4533-B2EC-46BED831C85D}.Release|iPhoneSimulator.ActiveCfg = Release|Any CPU
		{1F585A58-EF9F-4533-B2EC-46BED831C85D}.Release|iPhoneSimulator.Build.0 = Release|Any CPU
		{1F585A58-EF9F-4533-B2EC-46BED831C85D}.Release|iPhoneSimulator.Deploy.0 = Release|Any CPU
	EndGlobalSection
	GlobalSection(SolutionProperties) = preSolution
		HideSolutionNode = FALSE
	EndGlobalSection
	GlobalSection(ExtensibilityGlobals) = postSolution
		SolutionGuid = {29F3F180-6774-4AB1-9D84-CDC0AE4D406D}
	EndGlobalSection
EndGlobal
