
Microsoft Visual Studio Solution File, Format Version 12.00
# Visual Studio 15
VisualStudioVersion = 15.0.28307.438
MinimumVisualStudioVersion = 10.0.40219.1
Project("{FAE04EC0-301F-11D3-BF4B-00C04F79EFBC}") = "App03_LayoutXF.Android", "App03_LayoutXF\App03_LayoutXF.Android\App03_LayoutXF.Android.csproj", "{85FF4A4C-1143-4160-8F1C-A7573DBDB445}"
EndProject
Project("{FAE04EC0-301F-11D3-BF4B-00C04F79EFBC}") = "App03_LayoutXF.iOS", "App03_LayoutXF\App03_LayoutXF.iOS\App03_LayoutXF.iOS.csproj", "{C60EE902-208B-4F65-A983-D40A2015A6DF}"
EndProject
Project("{FAE04EC0-301F-11D3-BF4B-00C04F79EFBC}") = "App03_LayoutXF", "App03_LayoutXF\App03_LayoutXF\App03_LayoutXF.csproj", "{C5D64B1A-F512-4DD2-8004-EA3CAFE88C89}"
EndProject
Global
	GlobalSection(SolutionConfigurationPlatforms) = preSolution
		Ad-Hoc|Any CPU = Ad-Hoc|Any CPU
		Ad-Hoc|iPhone = Ad-Hoc|iPhone
		Ad-Hoc|iPhoneSimulator = Ad-Hoc|iPhoneSimulator
		AppStore|Any CPU = AppStore|Any CPU
		AppStore|iPhone = AppStore|iPhone
		AppStore|iPhoneSimulator = AppStore|iPhoneSimulator
		Debug|Any CPU = Debug|Any CPU
		Debug|iPhone = Debug|iPhone
		Debug|iPhoneSimulator = Debug|iPhoneSimulator
		Release|Any CPU = Release|Any CPU
		Release|iPhone = Release|iPhone
		Release|iPhoneSimulator = Release|iPhoneSimulator
	EndGlobalSection
	GlobalSection(ProjectConfigurationPlatforms) = postSolution
		{85FF4A4C-1143-4160-8F1C-A7573DBDB445}.Ad-Hoc|Any CPU.ActiveCfg = Release|Any CPU
		{85FF4A4C-1143-4160-8F1C-A7573DBDB445}.Ad-Hoc|Any CPU.Build.0 = Release|Any CPU
		{85FF4A4C-1143-4160-8F1C-A7573DBDB445}.Ad-Hoc|Any CPU.Deploy.0 = Release|Any CPU
		{85FF4A4C-1143-4160-8F1C-A7573DBDB445}.Ad-Hoc|iPhone.ActiveCfg = Release|Any CPU
		{85FF4A4C-1143-4160-8F1C-A7573DBDB445}.Ad-Hoc|iPhone.Build.0 = Release|Any CPU
		{85FF4A4C-1143-4160-8F1C-A7573DBDB445}.Ad-Hoc|iPhone.Deploy.0 = Release|Any CPU
		{85FF4A4C-1143-4160-8F1C-A7573DBDB445}.Ad-Hoc|iPhoneSimulator.ActiveCfg = Release|Any CPU
		{85FF4A4C-1143-4160-8F1C-A7573DBDB445}.Ad-Hoc|iPhoneSimulator.Build.0 = Release|Any CPU
		{85FF4A4C-1143-4160-8F1C-A7573DBDB445}.Ad-Hoc|iPhoneSimulator.Deploy.0 = Release|Any CPU
		{85FF4A4C-1143-4160-8F1C-A7573DBDB445}.AppStore|Any CPU.ActiveCfg = Release|Any CPU
		{85FF4A4C-1143-4160-8F1C-A7573DBDB445}.AppStore|Any CPU.Build.0 = Release|Any CPU
		{85FF4A4C-1143-4160-8F1C-A7573DBDB445}.AppStore|Any CPU.Deploy.0 = Release|Any CPU
		{85FF4A4C-1143-4160-8F1C-A7573DBDB445}.AppStore|iPhone.ActiveCfg = Release|Any CPU
		{85FF4A4C-1143-4160-8F1C-A7573DBDB445}.AppStore|iPhone.Build.0 = Release|Any CPU
		{85FF4A4C-1143-4160-8F1C-A7573DBDB445}.AppStore|iPhone.Deploy.0 = Release|Any CPU
		{85FF4A4C-1143-4160-8F1C-A7573DBDB445}.AppStore|iPhoneSimulator.ActiveCfg = Release|Any CPU
		{85FF4A4C-1143-4160-8F1C-A7573DBDB445}.AppStore|iPhoneSimulator.Build.0 = Release|Any CPU
		{85FF4A4C-1143-4160-8F1C-A7573DBDB445}.AppStore|iPhoneSimulator.Deploy.0 = Release|Any CPU
		{85FF4A4C-1143-4160-8F1C-A7573DBDB445}.Debug|Any CPU.ActiveCfg = Debug|Any CPU
		{85FF4A4C-1143-4160-8F1C-A7573DBDB445}.Debug|Any CPU.Build.0 = Debug|Any CPU
		{85FF4A4C-1143-4160-8F1C-A7573DBDB445}.Debug|Any CPU.Deploy.0 = Debug|Any CPU
		{85FF4A4C-1143-4160-8F1C-A7573DBDB445}.Debug|iPhone.ActiveCfg = Debug|Any CPU
		{85FF4A4C-1143-4160-8F1C-A7573DBDB445}.Debug|iPhone.Build.0 = Debug|Any CPU
		{85FF4A4C-1143-4160-8F1C-A7573DBDB445}.Debug|iPhone.Deploy.0 = Debug|Any CPU
		{85FF4A4C-1143-4160-8F1C-A7573DBDB445}.Debug|iPhoneSimulator.ActiveCfg = Debug|Any CPU
		{85FF4A4C-1143-4160-8F1C-A7573DBDB445}.Debug|iPhoneSimulator.Build.0 = Debug|Any CPU
		{85FF4A4C-1143-4160-8F1C-A7573DBDB445}.Debug|iPhoneSimulator.Deploy.0 = Debug|Any CPU
		{85FF4A4C-1143-4160-8F1C-A7573DBDB445}.Release|Any CPU.ActiveCfg = Release|Any CPU
		{85FF4A4C-1143-4160-8F1C-A7573DBDB445}.Release|Any CPU.Build.0 = Release|Any CPU
		{85FF4A4C-1143-4160-8F1C-A7573DBDB445}.Release|Any CPU.Deploy.0 = Release|Any CPU
		{85FF4A4C-1143-4160-8F1C-A7573DBDB445}.Release|iPhone.ActiveCfg = Release|Any CPU
		{85FF4A4C-1143-4160-8F1C-A7573DBDB445}.Release|iPhone.Build.0 = Release|Any CPU
		{85FF4A4C-1143-4160-8F1C-A7573DBDB445}.Release|iPhone.Deploy.0 = Release|Any CPU
		{85FF4A4C-1143-4160-8F1C-A7573DBDB445}.Release|iPhoneSimulator.ActiveCfg = Release|Any CPU
		{85FF4A4C-1143-4160-8F1C-A7573DBDB445}.Release|iPhoneSimulator.Build.0 = Release|Any CPU
		{85FF4A4C-1143-4160-8F1C-A7573DBDB445}.Release|iPhoneSimulator.Deploy.0 = Release|Any CPU
		{C60EE902-208B-4F65-A983-D40A2015A6DF}.Ad-Hoc|Any CPU.ActiveCfg = Ad-Hoc|iPhone
		{C60EE902-208B-4F65-A983-D40A2015A6DF}.Ad-Hoc|Any CPU.Build.0 = Ad-Hoc|iPhone
		{C60EE902-208B-4F65-A983-D40A2015A6DF}.Ad-Hoc|Any CPU.Deploy.0 = Ad-Hoc|iPhone
		{C60EE902-208B-4F65-A983-D40A2015A6DF}.Ad-Hoc|iPhone.ActiveCfg = Ad-Hoc|iPhone
		{C60EE902-208B-4F65-A983-D40A2015A6DF}.Ad-Hoc|iPhone.Build.0 = Ad-Hoc|iPhone
		{C60EE902-208B-4F65-A983-D40A2015A6DF}.Ad-Hoc|iPhone.Deploy.0 = Ad-Hoc|iPhone
		{C60EE902-208B-4F65-A983-D40A2015A6DF}.Ad-Hoc|iPhoneSimulator.ActiveCfg = Ad-Hoc|iPhoneSimulator
		{C60EE902-208B-4F65-A983-D40A2015A6DF}.Ad-Hoc|iPhoneSimulator.Build.0 = Ad-Hoc|iPhoneSimulator
		{C60EE902-208B-4F65-A983-D40A2015A6DF}.Ad-Hoc|iPhoneSimulator.Deploy.0 = Ad-Hoc|iPhoneSimulator
		{C60EE902-208B-4F65-A983-D40A2015A6DF}.AppStore|Any CPU.ActiveCfg = AppStore|iPhone
		{C60EE902-208B-4F65-A983-D40A2015A6DF}.AppStore|Any CPU.Build.0 = AppStore|iPhone
		{C60EE902-208B-4F65-A983-D40A2015A6DF}.AppStore|Any CPU.Deploy.0 = AppStore|iPhone
		{C60EE902-208B-4F65-A983-D40A2015A6DF}.AppStore|iPhone.ActiveCfg = AppStore|iPhone
		{C60EE902-208B-4F65-A983-D40A2015A6DF}.AppStore|iPhone.Build.0 = AppStore|iPhone
		{C60EE902-208B-4F65-A983-D40A2015A6DF}.AppStore|iPhone.Deploy.0 = AppStore|iPhone
		{C60EE902-208B-4F65-A983-D40A2015A6DF}.AppStore|iPhoneSimulator.ActiveCfg = AppStore|iPhoneSimulator
		{C60EE902-208B-4F65-A983-D40A2015A6DF}.AppStore|iPhoneSimulator.Build.0 = AppStore|iPhoneSimulator
		{C60EE902-208B-4F65-A983-D40A2015A6DF}.AppStore|iPhoneSimulator.Deploy.0 = AppStore|iPhoneSimulator
		{C60EE902-208B-4F65-A983-D40A2015A6DF}.Debug|Any CPU.ActiveCfg = Debug|iPhoneSimulator
		{C60EE902-208B-4F65-A983-D40A2015A6DF}.Debug|Any CPU.Build.0 = Debug|iPhoneSimulator
		{C60EE902-208B-4F65-A983-D40A2015A6DF}.Debug|Any CPU.Deploy.0 = Debug|iPhoneSimulator
		{C60EE902-208B-4F65-A983-D40A2015A6DF}.Debug|iPhone.ActiveCfg = Debug|iPhone
		{C60EE902-208B-4F65-A983-D40A2015A6DF}.Debug|iPhone.Build.0 = Debug|iPhone
		{C60EE902-208B-4F65-A983-D40A2015A6DF}.Debug|iPhone.Deploy.0 = Debug|iPhone
		{C60EE902-208B-4F65-A983-D40A2015A6DF}.Debug|iPhoneSimulator.ActiveCfg = Debug|iPhoneSimulator
		{C60EE902-208B-4F65-A983-D40A2015A6DF}.Debug|iPhoneSimulator.Build.0 = Debug|iPhoneSimulator
		{C60EE902-208B-4F65-A983-D40A2015A6DF}.Debug|iPhoneSimulator.Deploy.0 = Debug|iPhoneSimulator
		{C60EE902-208B-4F65-A983-D40A2015A6DF}.Release|Any CPU.ActiveCfg = Release|iPhone
		{C60EE902-208B-4F65-A983-D40A2015A6DF}.Release|Any CPU.Build.0 = Release|iPhone
		{C60EE902-208B-4F65-A983-D40A2015A6DF}.Release|Any CPU.Deploy.0 = Release|iPhone
		{C60EE902-208B-4F65-A983-D40A2015A6DF}.Release|iPhone.ActiveCfg = Release|iPhone
		{C60EE902-208B-4F65-A983-D40A2015A6DF}.Release|iPhone.Build.0 = Release|iPhone
		{C60EE902-208B-4F65-A983-D40A2015A6DF}.Release|iPhone.Deploy.0 = Release|iPhone
		{C60EE902-208B-4F65-A983-D40A2015A6DF}.Release|iPhoneSimulator.ActiveCfg = Release|iPhoneSimulator
		{C60EE902-208B-4F65-A983-D40A2015A6DF}.Release|iPhoneSimulator.Build.0 = Release|iPhoneSimulator
		{C60EE902-208B-4F65-A983-D40A2015A6DF}.Release|iPhoneSimulator.Deploy.0 = Release|iPhoneSimulator
		{C5D64B1A-F512-4DD2-8004-EA3CAFE88C89}.Ad-Hoc|Any CPU.ActiveCfg = Debug|Any CPU
		{C5D64B1A-F512-4DD2-8004-EA3CAFE88C89}.Ad-Hoc|Any CPU.Build.0 = Debug|Any CPU
		{C5D64B1A-F512-4DD2-8004-EA3CAFE88C89}.Ad-Hoc|Any CPU.Deploy.0 = Debug|Any CPU
		{C5D64B1A-F512-4DD2-8004-EA3CAFE88C89}.Ad-Hoc|iPhone.ActiveCfg = Debug|Any CPU
		{C5D64B1A-F512-4DD2-8004-EA3CAFE88C89}.Ad-Hoc|iPhone.Build.0 = Debug|Any CPU
		{C5D64B1A-F512-4DD2-8004-EA3CAFE88C89}.Ad-Hoc|iPhone.Deploy.0 = Debug|Any CPU
		{C5D64B1A-F512-4DD2-8004-EA3CAFE88C89}.Ad-Hoc|iPhoneSimulator.ActiveCfg = Debug|Any CPU
		{C5D64B1A-F512-4DD2-8004-EA3CAFE88C89}.Ad-Hoc|iPhoneSimulator.Build.0 = Debug|Any CPU
		{C5D64B1A-F512-4DD2-8004-EA3CAFE88C89}.Ad-Hoc|iPhoneSimulator.Deploy.0 = Debug|Any CPU
		{C5D64B1A-F512-4DD2-8004-EA3CAFE88C89}.AppStore|Any CPU.ActiveCfg = Debug|Any CPU
		{C5D64B1A-F512-4DD2-8004-EA3CAFE88C89}.AppStore|Any CPU.Build.0 = Debug|Any CPU
		{C5D64B1A-F512-4DD2-8004-EA3CAFE88C89}.AppStore|Any CPU.Deploy.0 = Debug|Any CPU
		{C5D64B1A-F512-4DD2-8004-EA3CAFE88C89}.AppStore|iPhone.ActiveCfg = Debug|Any CPU
		{C5D64B1A-F512-4DD2-8004-EA3CAFE88C89}.AppStore|iPhone.Build.0 = Debug|Any CPU
		{C5D64B1A-F512-4DD2-8004-EA3CAFE88C89}.AppStore|iPhone.Deploy.0 = Debug|Any CPU
		{C5D64B1A-F512-4DD2-8004-EA3CAFE88C89}.AppStore|iPhoneSimulator.ActiveCfg = Debug|Any CPU
		{C5D64B1A-F512-4DD2-8004-EA3CAFE88C89}.AppStore|iPhoneSimulator.Build.0 = Debug|Any CPU
		{C5D64B1A-F512-4DD2-8004-EA3CAFE88C89}.AppStore|iPhoneSimulator.Deploy.0 = Debug|Any CPU
		{C5D64B1A-F512-4DD2-8004-EA3CAFE88C89}.Debug|Any CPU.ActiveCfg = Debug|Any CPU
		{C5D64B1A-F512-4DD2-8004-EA3CAFE88C89}.Debug|Any CPU.Build.0 = Debug|Any CPU
		{C5D64B1A-F512-4DD2-8004-EA3CAFE88C89}.Debug|Any CPU.Deploy.0 = Debug|Any CPU
		{C5D64B1A-F512-4DD2-8004-EA3CAFE88C89}.Debug|iPhone.ActiveCfg = Debug|Any CPU
		{C5D64B1A-F512-4DD2-8004-EA3CAFE88C89}.Debug|iPhone.Build.0 = Debug|Any CPU
		{C5D64B1A-F512-4DD2-8004-EA3CAFE88C89}.Debug|iPhone.Deploy.0 = Debug|Any CPU
		{C5D64B1A-F512-4DD2-8004-EA3CAFE88C89}.Debug|iPhoneSimulator.ActiveCfg = Debug|Any CPU
		{C5D64B1A-F512-4DD2-8004-EA3CAFE88C89}.Debug|iPhoneSimulator.Build.0 = Debug|Any CPU
		{C5D64B1A-F512-4DD2-8004-EA3CAFE88C89}.Debug|iPhoneSimulator.Deploy.0 = Debug|Any CPU
		{C5D64B1A-F512-4DD2-8004-EA3CAFE88C89}.Release|Any CPU.ActiveCfg = Release|Any CPU
		{C5D64B1A-F512-4DD2-8004-EA3CAFE88C89}.Release|Any CPU.Build.0 = Release|Any CPU
		{C5D64B1A-F512-4DD2-8004-EA3CAFE88C89}.Release|Any CPU.Deploy.0 = Release|Any CPU
		{C5D64B1A-F512-4DD2-8004-EA3CAFE88C89}.Release|iPhone.ActiveCfg = Release|Any CPU
		{C5D64B1A-F512-4DD2-8004-EA3CAFE88C89}.Release|iPhone.Build.0 = Release|Any CPU
		{C5D64B1A-F512-4DD2-8004-EA3CAFE88C89}.Release|iPhone.Deploy.0 = Release|Any CPU
		{C5D64B1A-F512-4DD2-8004-EA3CAFE88C89}.Release|iPhoneSimulator.ActiveCfg = Release|Any CPU
		{C5D64B1A-F512-4DD2-8004-EA3CAFE88C89}.Release|iPhoneSimulator.Build.0 = Release|Any CPU
		{C5D64B1A-F512-4DD2-8004-EA3CAFE88C89}.Release|iPhoneSimulator.Deploy.0 = Release|Any CPU
	EndGlobalSection
	GlobalSection(SolutionProperties) = preSolution
		HideSolutionNode = FALSE
	EndGlobalSection
	GlobalSection(ExtensibilityGlobals) = postSolution
		SolutionGuid = {62C73381-A2B6-429B-8692-A039044CB016}
	EndGlobalSection
EndGlobal
