
Microsoft Visual Studio Solution File, Format Version 12.00
# Visual Studio 15
VisualStudioVersion = 15.0.28307.438
MinimumVisualStudioVersion = 10.0.40219.1
Project("{FAE04EC0-301F-11D3-BF4B-00C04F79EFBC}") = "App01_ConsultaCEP.Android", "App01_ConsultaCEP\App01_ConsultaCEP.Android\App01_ConsultaCEP.Android.csproj", "{0B619F01-88A0-42D7-8D3F-DA41E30A82E4}"
EndProject
Project("{FAE04EC0-301F-11D3-BF4B-00C04F79EFBC}") = "App01_ConsultaCEP.iOS", "App01_ConsultaCEP\App01_ConsultaCEP.iOS\App01_ConsultaCEP.iOS.csproj", "{91EB4973-B845-40B4-BAFF-796475A68911}"
EndProject
Project("{FAE04EC0-301F-11D3-BF4B-00C04F79EFBC}") = "App01_ConsultaCEP", "App01_ConsultaCEP\App01_ConsultaCEP\App01_ConsultaCEP.csproj", "{8EADA39A-AE1A-4B0F-818C-20BD153CBDFB}"
EndProject
Global
	GlobalSection(SolutionConfigurationPlatforms) = preSolution
		Ad-Hoc|Any CPU = Ad-Hoc|Any CPU
		Ad-Hoc|iPhone = Ad-Hoc|iPhone
		Ad-Hoc|iPhoneSimulator = Ad-Hoc|iPhoneSimulator
		AppStore|Any CPU = AppStore|Any CPU
		AppStore|iPhone = AppStore|iPhone
		AppStore|iPhoneSimulator = AppStore|iPhoneSimulator
		Debug|Any CPU = Debug|Any CPU
		Debug|iPhone = Debug|iPhone
		Debug|iPhoneSimulator = Debug|iPhoneSimulator
		Release|Any CPU = Release|Any CPU
		Release|iPhone = Release|iPhone
		Release|iPhoneSimulator = Release|iPhoneSimulator
	EndGlobalSection
	GlobalSection(ProjectConfigurationPlatforms) = postSolution
		{0B619F01-88A0-42D7-8D3F-DA41E30A82E4}.Ad-Hoc|Any CPU.ActiveCfg = Release|Any CPU
		{0B619F01-88A0-42D7-8D3F-DA41E30A82E4}.Ad-Hoc|Any CPU.Build.0 = Release|Any CPU
		{0B619F01-88A0-42D7-8D3F-DA41E30A82E4}.Ad-Hoc|Any CPU.Deploy.0 = Release|Any CPU
		{0B619F01-88A0-42D7-8D3F-DA41E30A82E4}.Ad-Hoc|iPhone.ActiveCfg = Release|Any CPU
		{0B619F01-88A0-42D7-8D3F-DA41E30A82E4}.Ad-Hoc|iPhone.Build.0 = Release|Any CPU
		{0B619F01-88A0-42D7-8D3F-DA41E30A82E4}.Ad-Hoc|iPhone.Deploy.0 = Release|Any CPU
		{0B619F01-88A0-42D7-8D3F-DA41E30A82E4}.Ad-Hoc|iPhoneSimulator.ActiveCfg = Release|Any CPU
		{0B619F01-88A0-42D7-8D3F-DA41E30A82E4}.Ad-Hoc|iPhoneSimulator.Build.0 = Release|Any CPU
		{0B619F01-88A0-42D7-8D3F-DA41E30A82E4}.Ad-Hoc|iPhoneSimulator.Deploy.0 = Release|Any CPU
		{0B619F01-88A0-42D7-8D3F-DA41E30A82E4}.AppStore|Any CPU.ActiveCfg = Release|Any CPU
		{0B619F01-88A0-42D7-8D3F-DA41E30A82E4}.AppStore|Any CPU.Build.0 = Release|Any CPU
		{0B619F01-88A0-42D7-8D3F-DA41E30A82E4}.AppStore|Any CPU.Deploy.0 = Release|Any CPU
		{0B619F01-88A0-42D7-8D3F-DA41E30A82E4}.AppStore|iPhone.ActiveCfg = Release|Any CPU
		{0B619F01-88A0-42D7-8D3F-DA41E30A82E4}.AppStore|iPhone.Build.0 = Release|Any CPU
		{0B619F01-88A0-42D7-8D3F-DA41E30A82E4}.AppStore|iPhone.Deploy.0 = Release|Any CPU
		{0B619F01-88A0-42D7-8D3F-DA41E30A82E4}.AppStore|iPhoneSimulator.ActiveCfg = Release|Any CPU
		{0B619F01-88A0-42D7-8D3F-DA41E30A82E4}.AppStore|iPhoneSimulator.Build.0 = Release|Any CPU
		{0B619F01-88A0-42D7-8D3F-DA41E30A82E4}.AppStore|iPhoneSimulator.Deploy.0 = Release|Any CPU
		{0B619F01-88A0-42D7-8D3F-DA41E30A82E4}.Debug|Any CPU.ActiveCfg = Debug|Any CPU
		{0B619F01-88A0-42D7-8D3F-DA41E30A82E4}.Debug|Any CPU.Build.0 = Debug|Any CPU
		{0B619F01-88A0-42D7-8D3F-DA41E30A82E4}.Debug|Any CPU.Deploy.0 = Debug|Any CPU
		{0B619F01-88A0-42D7-8D3F-DA41E30A82E4}.Debug|iPhone.ActiveCfg = Debug|Any CPU
		{0B619F01-88A0-42D7-8D3F-DA41E30A82E4}.Debug|iPhone.Build.0 = Debug|Any CPU
		{0B619F01-88A0-42D7-8D3F-DA41E30A82E4}.Debug|iPhone.Deploy.0 = Debug|Any CPU
		{0B619F01-88A0-42D7-8D3F-DA41E30A82E4}.Debug|iPhoneSimulator.ActiveCfg = Debug|Any CPU
		{0B619F01-88A0-42D7-8D3F-DA41E30A82E4}.Debug|iPhoneSimulator.Build.0 = Debug|Any CPU
		{0B619F01-88A0-42D7-8D3F-DA41E30A82E4}.Debug|iPhoneSimulator.Deploy.0 = Debug|Any CPU
		{0B619F01-88A0-42D7-8D3F-DA41E30A82E4}.Release|Any CPU.ActiveCfg = Release|Any CPU
		{0B619F01-88A0-42D7-8D3F-DA41E30A82E4}.Release|Any CPU.Build.0 = Release|Any CPU
		{0B619F01-88A0-42D7-8D3F-DA41E30A82E4}.Release|Any CPU.Deploy.0 = Release|Any CPU
		{0B619F01-88A0-42D7-8D3F-DA41E30A82E4}.Release|iPhone.ActiveCfg = Release|Any CPU
		{0B619F01-88A0-42D7-8D3F-DA41E30A82E4}.Release|iPhone.Build.0 = Release|Any CPU
		{0B619F01-88A0-42D7-8D3F-DA41E30A82E4}.Release|iPhone.Deploy.0 = Release|Any CPU
		{0B619F01-88A0-42D7-8D3F-DA41E30A82E4}.Release|iPhoneSimulator.ActiveCfg = Release|Any CPU
		{0B619F01-88A0-42D7-8D3F-DA41E30A82E4}.Release|iPhoneSimulator.Build.0 = Release|Any CPU
		{0B619F01-88A0-42D7-8D3F-DA41E30A82E4}.Release|iPhoneSimulator.Deploy.0 = Release|Any CPU
		{91EB4973-B845-40B4-BAFF-796475A68911}.Ad-Hoc|Any CPU.ActiveCfg = Ad-Hoc|iPhone
		{91EB4973-B845-40B4-BAFF-796475A68911}.Ad-Hoc|Any CPU.Build.0 = Ad-Hoc|iPhone
		{91EB4973-B845-40B4-BAFF-796475A68911}.Ad-Hoc|Any CPU.Deploy.0 = Ad-Hoc|iPhone
		{91EB4973-B845-40B4-BAFF-796475A68911}.Ad-Hoc|iPhone.ActiveCfg = Ad-Hoc|iPhone
		{91EB4973-B845-40B4-BAFF-796475A68911}.Ad-Hoc|iPhone.Build.0 = Ad-Hoc|iPhone
		{91EB4973-B845-40B4-BAFF-796475A68911}.Ad-Hoc|iPhone.Deploy.0 = Ad-Hoc|iPhone
		{91EB4973-B845-40B4-BAFF-796475A68911}.Ad-Hoc|iPhoneSimulator.ActiveCfg = Ad-Hoc|iPhoneSimulator
		{91EB4973-B845-40B4-BAFF-796475A68911}.Ad-Hoc|iPhoneSimulator.Build.0 = Ad-Hoc|iPhoneSimulator
		{91EB4973-B845-40B4-BAFF-796475A68911}.Ad-Hoc|iPhoneSimulator.Deploy.0 = Ad-Hoc|iPhoneSimulator
		{91EB4973-B845-40B4-BAFF-796475A68911}.AppStore|Any CPU.ActiveCfg = AppStore|iPhone
		{91EB4973-B845-40B4-BAFF-796475A68911}.AppStore|Any CPU.Build.0 = AppStore|iPhone
		{91EB4973-B845-40B4-BAFF-796475A68911}.AppStore|Any CPU.Deploy.0 = AppStore|iPhone
		{91EB4973-B845-40B4-BAFF-796475A68911}.AppStore|iPhone.ActiveCfg = AppStore|iPhone
		{91EB4973-B845-40B4-BAFF-796475A68911}.AppStore|iPhone.Build.0 = AppStore|iPhone
		{91EB4973-B845-40B4-BAFF-796475A68911}.AppStore|iPhone.Deploy.0 = AppStore|iPhone
		{91EB4973-B845-40B4-BAFF-796475A68911}.AppStore|iPhoneSimulator.ActiveCfg = AppStore|iPhoneSimulator
		{91EB4973-B845-40B4-BAFF-796475A68911}.AppStore|iPhoneSimulator.Build.0 = AppStore|iPhoneSimulator
		{91EB4973-B845-40B4-BAFF-796475A68911}.AppStore|iPhoneSimulator.Deploy.0 = AppStore|iPhoneSimulator
		{91EB4973-B845-40B4-BAFF-796475A68911}.Debug|Any CPU.ActiveCfg = Debug|iPhoneSimulator
		{91EB4973-B845-40B4-BAFF-796475A68911}.Debug|Any CPU.Build.0 = Debug|iPhoneSimulator
		{91EB4973-B845-40B4-BAFF-796475A68911}.Debug|Any CPU.Deploy.0 = Debug|iPhoneSimulator
		{91EB4973-B845-40B4-BAFF-796475A68911}.Debug|iPhone.ActiveCfg = Debug|iPhone
		{91EB4973-B845-40B4-BAFF-796475A68911}.Debug|iPhone.Build.0 = Debug|iPhone
		{91EB4973-B845-40B4-BAFF-796475A68911}.Debug|iPhone.Deploy.0 = Debug|iPhone
		{91EB4973-B845-40B4-BAFF-796475A68911}.Debug|iPhoneSimulator.ActiveCfg = Debug|iPhoneSimulator
		{91EB4973-B845-40B4-BAFF-796475A68911}.Debug|iPhoneSimulator.Build.0 = Debug|iPhoneSimulator
		{91EB4973-B845-40B4-BAFF-796475A68911}.Debug|iPhoneSimulator.Deploy.0 = Debug|iPhoneSimulator
		{91EB4973-B845-40B4-BAFF-796475A68911}.Release|Any CPU.ActiveCfg = Release|iPhone
		{91EB4973-B845-40B4-BAFF-796475A68911}.Release|Any CPU.Build.0 = Release|iPhone
		{91EB4973-B845-40B4-BAFF-796475A68911}.Release|Any CPU.Deploy.0 = Release|iPhone
		{91EB4973-B845-40B4-BAFF-796475A68911}.Release|iPhone.ActiveCfg = Release|iPhone
		{91EB4973-B845-40B4-BAFF-796475A68911}.Release|iPhone.Build.0 = Release|iPhone
		{91EB4973-B845-40B4-BAFF-796475A68911}.Release|iPhone.Deploy.0 = Release|iPhone
		{91EB4973-B845-40B4-BAFF-796475A68911}.Release|iPhoneSimulator.ActiveCfg = Release|iPhoneSimulator
		{91EB4973-B845-40B4-BAFF-796475A68911}.Release|iPhoneSimulator.Build.0 = Release|iPhoneSimulator
		{91EB4973-B845-40B4-BAFF-796475A68911}.Release|iPhoneSimulator.Deploy.0 = Release|iPhoneSimulator
		{8EADA39A-AE1A-4B0F-818C-20BD153CBDFB}.Ad-Hoc|Any CPU.ActiveCfg = Debug|Any CPU
		{8EADA39A-AE1A-4B0F-818C-20BD153CBDFB}.Ad-Hoc|Any CPU.Build.0 = Debug|Any CPU
		{8EADA39A-AE1A-4B0F-818C-20BD153CBDFB}.Ad-Hoc|Any CPU.Deploy.0 = Debug|Any CPU
		{8EADA39A-AE1A-4B0F-818C-20BD153CBDFB}.Ad-Hoc|iPhone.ActiveCfg = Debug|Any CPU
		{8EADA39A-AE1A-4B0F-818C-20BD153CBDFB}.Ad-Hoc|iPhone.Build.0 = Debug|Any CPU
		{8EADA39A-AE1A-4B0F-818C-20BD153CBDFB}.Ad-Hoc|iPhone.Deploy.0 = Debug|Any CPU
		{8EADA39A-AE1A-4B0F-818C-20BD153CBDFB}.Ad-Hoc|iPhoneSimulator.ActiveCfg = Debug|Any CPU
		{8EADA39A-AE1A-4B0F-818C-20BD153CBDFB}.Ad-Hoc|iPhoneSimulator.Build.0 = Debug|Any CPU
		{8EADA39A-AE1A-4B0F-818C-20BD153CBDFB}.Ad-Hoc|iPhoneSimulator.Deploy.0 = Debug|Any CPU
		{8EADA39A-AE1A-4B0F-818C-20BD153CBDFB}.AppStore|Any CPU.ActiveCfg = Debug|Any CPU
		{8EADA39A-AE1A-4B0F-818C-20BD153CBDFB}.AppStore|Any CPU.Build.0 = Debug|Any CPU
		{8EADA39A-AE1A-4B0F-818C-20BD153CBDFB}.AppStore|Any CPU.Deploy.0 = Debug|Any CPU
		{8EADA39A-AE1A-4B0F-818C-20BD153CBDFB}.AppStore|iPhone.ActiveCfg = Debug|Any CPU
		{8EADA39A-AE1A-4B0F-818C-20BD153CBDFB}.AppStore|iPhone.Build.0 = Debug|Any CPU
		{8EADA39A-AE1A-4B0F-818C-20BD153CBDFB}.AppStore|iPhone.Deploy.0 = Debug|Any CPU
		{8EADA39A-AE1A-4B0F-818C-20BD153CBDFB}.AppStore|iPhoneSimulator.ActiveCfg = Debug|Any CPU
		{8EADA39A-AE1A-4B0F-818C-20BD153CBDFB}.AppStore|iPhoneSimulator.Build.0 = Debug|Any CPU
		{8EADA39A-AE1A-4B0F-818C-20BD153CBDFB}.AppStore|iPhoneSimulator.Deploy.0 = Debug|Any CPU
		{8EADA39A-AE1A-4B0F-818C-20BD153CBDFB}.Debug|Any CPU.ActiveCfg = Debug|Any CPU
		{8EADA39A-AE1A-4B0F-818C-20BD153CBDFB}.Debug|Any CPU.Build.0 = Debug|Any CPU
		{8EADA39A-AE1A-4B0F-818C-20BD153CBDFB}.Debug|Any CPU.Deploy.0 = Debug|Any CPU
		{8EADA39A-AE1A-4B0F-818C-20BD153CBDFB}.Debug|iPhone.ActiveCfg = Debug|Any CPU
		{8EADA39A-AE1A-4B0F-818C-20BD153CBDFB}.Debug|iPhone.Build.0 = Debug|Any CPU
		{8EADA39A-AE1A-4B0F-818C-20BD153CBDFB}.Debug|iPhone.Deploy.0 = Debug|Any CPU
		{8EADA39A-AE1A-4B0F-818C-20BD153CBDFB}.Debug|iPhoneSimulator.ActiveCfg = Debug|Any CPU
		{8EADA39A-AE1A-4B0F-818C-20BD153CBDFB}.Debug|iPhoneSimulator.Build.0 = Debug|Any CPU
		{8EADA39A-AE1A-4B0F-818C-20BD153CBDFB}.Debug|iPhoneSimulator.Deploy.0 = Debug|Any CPU
		{8EADA39A-AE1A-4B0F-818C-20BD153CBDFB}.Release|Any CPU.ActiveCfg = Release|Any CPU
		{8EADA39A-AE1A-4B0F-818C-20BD153CBDFB}.Release|Any CPU.Build.0 = Release|Any CPU
		{8EADA39A-AE1A-4B0F-818C-20BD153CBDFB}.Release|Any CPU.Deploy.0 = Release|Any CPU
		{8EADA39A-AE1A-4B0F-818C-20BD153CBDFB}.Release|iPhone.ActiveCfg = Release|Any CPU
		{8EADA39A-AE1A-4B0F-818C-20BD153CBDFB}.Release|iPhone.Build.0 = Release|Any CPU
		{8EADA39A-AE1A-4B0F-818C-20BD153CBDFB}.Release|iPhone.Deploy.0 = Release|Any CPU
		{8EADA39A-AE1A-4B0F-818C-20BD153CBDFB}.Release|iPhoneSimulator.ActiveCfg = Release|Any CPU
		{8EADA39A-AE1A-4B0F-818C-20BD153CBDFB}.Release|iPhoneSimulator.Build.0 = Release|Any CPU
		{8EADA39A-AE1A-4B0F-818C-20BD153CBDFB}.Release|iPhoneSimulator.Deploy.0 = Release|Any CPU
	EndGlobalSection
	GlobalSection(SolutionProperties) = preSolution
		HideSolutionNode = FALSE
	EndGlobalSection
	GlobalSection(ExtensibilityGlobals) = postSolution
		SolutionGuid = {F3B4241C-D5DE-4C89-879A-3CC20ECCB2E8}
	EndGlobalSection
EndGlobal
