
Microsoft Visual Studio Solution File, Format Version 12.00
# Visual Studio 15
VisualStudioVersion = 15.0.28307.438
MinimumVisualStudioVersion = 10.0.40219.1
Project("{FAE04EC0-301F-11D3-BF4B-00C04F79EFBC}") = "App1_Estilo.Android", "App1_Estilo\App1_Estilo.Android\App1_Estilo.Android.csproj", "{A1ADBA3C-3D31-44A6-824E-1D408A1D713F}"
EndProject
Project("{FAE04EC0-301F-11D3-BF4B-00C04F79EFBC}") = "App1_Estilo.iOS", "App1_Estilo\App1_Estilo.iOS\App1_Estilo.iOS.csproj", "{C7AA1CBA-0298-4991-9EDC-0891ACBB3883}"
EndProject
Project("{FAE04EC0-301F-11D3-BF4B-00C04F79EFBC}") = "App1_Estilo", "App1_Estilo\App1_Estilo\App1_Estilo.csproj", "{29649C6E-5ADD-494B-B54C-A52D1162C778}"
EndProject
Global
	GlobalSection(SolutionConfigurationPlatforms) = preSolution
		Ad-Hoc|Any CPU = Ad-Hoc|Any CPU
		Ad-Hoc|ARM = Ad-Hoc|ARM
		Ad-Hoc|iPhone = Ad-Hoc|iPhone
		Ad-Hoc|iPhoneSimulator = Ad-Hoc|iPhoneSimulator
		Ad-Hoc|x64 = Ad-Hoc|x64
		Ad-Hoc|x86 = Ad-Hoc|x86
		AppStore|Any CPU = AppStore|Any CPU
		AppStore|ARM = AppStore|ARM
		AppStore|iPhone = AppStore|iPhone
		AppStore|iPhoneSimulator = AppStore|iPhoneSimulator
		AppStore|x64 = AppStore|x64
		AppStore|x86 = AppStore|x86
		Debug|Any CPU = Debug|Any CPU
		Debug|ARM = Debug|ARM
		Debug|iPhone = Debug|iPhone
		Debug|iPhoneSimulator = Debug|iPhoneSimulator
		Debug|x64 = Debug|x64
		Debug|x86 = Debug|x86
		Release|Any CPU = Release|Any CPU
		Release|ARM = Release|ARM
		Release|iPhone = Release|iPhone
		Release|iPhoneSimulator = Release|iPhoneSimulator
		Release|x64 = Release|x64
		Release|x86 = Release|x86
	EndGlobalSection
	GlobalSection(ProjectConfigurationPlatforms) = postSolution
		{A1ADBA3C-3D31-44A6-824E-1D408A1D713F}.Ad-Hoc|Any CPU.ActiveCfg = Release|Any CPU
		{A1ADBA3C-3D31-44A6-824E-1D408A1D713F}.Ad-Hoc|Any CPU.Build.0 = Release|Any CPU
		{A1ADBA3C-3D31-44A6-824E-1D408A1D713F}.Ad-Hoc|Any CPU.Deploy.0 = Release|Any CPU
		{A1ADBA3C-3D31-44A6-824E-1D408A1D713F}.Ad-Hoc|ARM.ActiveCfg = Release|Any CPU
		{A1ADBA3C-3D31-44A6-824E-1D408A1D713F}.Ad-Hoc|ARM.Build.0 = Release|Any CPU
		{A1ADBA3C-3D31-44A6-824E-1D408A1D713F}.Ad-Hoc|ARM.Deploy.0 = Release|Any CPU
		{A1ADBA3C-3D31-44A6-824E-1D408A1D713F}.Ad-Hoc|iPhone.ActiveCfg = Release|Any CPU
		{A1ADBA3C-3D31-44A6-824E-1D408A1D713F}.Ad-Hoc|iPhone.Build.0 = Release|Any CPU
		{A1ADBA3C-3D31-44A6-824E-1D408A1D713F}.Ad-Hoc|iPhone.Deploy.0 = Release|Any CPU
		{A1ADBA3C-3D31-44A6-824E-1D408A1D713F}.Ad-Hoc|iPhoneSimulator.ActiveCfg = Release|Any CPU
		{A1ADBA3C-3D31-44A6-824E-1D408A1D713F}.Ad-Hoc|iPhoneSimulator.Build.0 = Release|Any CPU
		{A1ADBA3C-3D31-44A6-824E-1D408A1D713F}.Ad-Hoc|iPhoneSimulator.Deploy.0 = Release|Any CPU
		{A1ADBA3C-3D31-44A6-824E-1D408A1D713F}.Ad-Hoc|x64.ActiveCfg = Release|Any CPU
		{A1ADBA3C-3D31-44A6-824E-1D408A1D713F}.Ad-Hoc|x64.Build.0 = Release|Any CPU
		{A1ADBA3C-3D31-44A6-824E-1D408A1D713F}.Ad-Hoc|x64.Deploy.0 = Release|Any CPU
		{A1ADBA3C-3D31-44A6-824E-1D408A1D713F}.Ad-Hoc|x86.ActiveCfg = Release|Any CPU
		{A1ADBA3C-3D31-44A6-824E-1D408A1D713F}.Ad-Hoc|x86.Build.0 = Release|Any CPU
		{A1ADBA3C-3D31-44A6-824E-1D408A1D713F}.Ad-Hoc|x86.Deploy.0 = Release|Any CPU
		{A1ADBA3C-3D31-44A6-824E-1D408A1D713F}.AppStore|Any CPU.ActiveCfg = Release|Any CPU
		{A1ADBA3C-3D31-44A6-824E-1D408A1D713F}.AppStore|Any CPU.Build.0 = Release|Any CPU
		{A1ADBA3C-3D31-44A6-824E-1D408A1D713F}.AppStore|Any CPU.Deploy.0 = Release|Any CPU
		{A1ADBA3C-3D31-44A6-824E-1D408A1D713F}.AppStore|ARM.ActiveCfg = Release|Any CPU
		{A1ADBA3C-3D31-44A6-824E-1D408A1D713F}.AppStore|ARM.Build.0 = Release|Any CPU
		{A1ADBA3C-3D31-44A6-824E-1D408A1D713F}.AppStore|ARM.Deploy.0 = Release|Any CPU
		{A1ADBA3C-3D31-44A6-824E-1D408A1D713F}.AppStore|iPhone.ActiveCfg = Release|Any CPU
		{A1ADBA3C-3D31-44A6-824E-1D408A1D713F}.AppStore|iPhone.Build.0 = Release|Any CPU
		{A1ADBA3C-3D31-44A6-824E-1D408A1D713F}.AppStore|iPhone.Deploy.0 = Release|Any CPU
		{A1ADBA3C-3D31-44A6-824E-1D408A1D713F}.AppStore|iPhoneSimulator.ActiveCfg = Release|Any CPU
		{A1ADBA3C-3D31-44A6-824E-1D408A1D713F}.AppStore|iPhoneSimulator.Build.0 = Release|Any CPU
		{A1ADBA3C-3D31-44A6-824E-1D408A1D713F}.AppStore|iPhoneSimulator.Deploy.0 = Release|Any CPU
		{A1ADBA3C-3D31-44A6-824E-1D408A1D713F}.AppStore|x64.ActiveCfg = Release|Any CPU
		{A1ADBA3C-3D31-44A6-824E-1D408A1D713F}.AppStore|x64.Build.0 = Release|Any CPU
		{A1ADBA3C-3D31-44A6-824E-1D408A1D713F}.AppStore|x64.Deploy.0 = Release|Any CPU
		{A1ADBA3C-3D31-44A6-824E-1D408A1D713F}.AppStore|x86.ActiveCfg = Release|Any CPU
		{A1ADBA3C-3D31-44A6-824E-1D408A1D713F}.AppStore|x86.Build.0 = Release|Any CPU
		{A1ADBA3C-3D31-44A6-824E-1D408A1D713F}.AppStore|x86.Deploy.0 = Release|Any CPU
		{A1ADBA3C-3D31-44A6-824E-1D408A1D713F}.Debug|Any CPU.ActiveCfg = Debug|Any CPU
		{A1ADBA3C-3D31-44A6-824E-1D408A1D713F}.Debug|Any CPU.Build.0 = Debug|Any CPU
		{A1ADBA3C-3D31-44A6-824E-1D408A1D713F}.Debug|Any CPU.Deploy.0 = Debug|Any CPU
		{A1ADBA3C-3D31-44A6-824E-1D408A1D713F}.Debug|ARM.ActiveCfg = Debug|Any CPU
		{A1ADBA3C-3D31-44A6-824E-1D408A1D713F}.Debug|ARM.Build.0 = Debug|Any CPU
		{A1ADBA3C-3D31-44A6-824E-1D408A1D713F}.Debug|ARM.Deploy.0 = Debug|Any CPU
		{A1ADBA3C-3D31-44A6-824E-1D408A1D713F}.Debug|iPhone.ActiveCfg = Debug|Any CPU
		{A1ADBA3C-3D31-44A6-824E-1D408A1D713F}.Debug|iPhone.Build.0 = Debug|Any CPU
		{A1ADBA3C-3D31-44A6-824E-1D408A1D713F}.Debug|iPhone.Deploy.0 = Debug|Any CPU
		{A1ADBA3C-3D31-44A6-824E-1D408A1D713F}.Debug|iPhoneSimulator.ActiveCfg = Debug|Any CPU
		{A1ADBA3C-3D31-44A6-824E-1D408A1D713F}.Debug|iPhoneSimulator.Build.0 = Debug|Any CPU
		{A1ADBA3C-3D31-44A6-824E-1D408A1D713F}.Debug|iPhoneSimulator.Deploy.0 = Debug|Any CPU
		{A1ADBA3C-3D31-44A6-824E-1D408A1D713F}.Debug|x64.ActiveCfg = Debug|Any CPU
		{A1ADBA3C-3D31-44A6-824E-1D408A1D713F}.Debug|x64.Build.0 = Debug|Any CPU
		{A1ADBA3C-3D31-44A6-824E-1D408A1D713F}.Debug|x64.Deploy.0 = Debug|Any CPU
		{A1ADBA3C-3D31-44A6-824E-1D408A1D713F}.Debug|x86.ActiveCfg = Debug|Any CPU
		{A1ADBA3C-3D31-44A6-824E-1D408A1D713F}.Debug|x86.Build.0 = Debug|Any CPU
		{A1ADBA3C-3D31-44A6-824E-1D408A1D713F}.Debug|x86.Deploy.0 = Debug|Any CPU
		{A1ADBA3C-3D31-44A6-824E-1D408A1D713F}.Release|Any CPU.ActiveCfg = Release|Any CPU
		{A1ADBA3C-3D31-44A6-824E-1D408A1D713F}.Release|Any CPU.Build.0 = Release|Any CPU
		{A1ADBA3C-3D31-44A6-824E-1D408A1D713F}.Release|Any CPU.Deploy.0 = Release|Any CPU
		{A1ADBA3C-3D31-44A6-824E-1D408A1D713F}.Release|ARM.ActiveCfg = Release|Any CPU
		{A1ADBA3C-3D31-44A6-824E-1D408A1D713F}.Release|ARM.Build.0 = Release|Any CPU
		{A1ADBA3C-3D31-44A6-824E-1D408A1D713F}.Release|ARM.Deploy.0 = Release|Any CPU
		{A1ADBA3C-3D31-44A6-824E-1D408A1D713F}.Release|iPhone.ActiveCfg = Release|Any CPU
		{A1ADBA3C-3D31-44A6-824E-1D408A1D713F}.Release|iPhone.Build.0 = Release|Any CPU
		{A1ADBA3C-3D31-44A6-824E-1D408A1D713F}.Release|iPhone.Deploy.0 = Release|Any CPU
		{A1ADBA3C-3D31-44A6-824E-1D408A1D713F}.Release|iPhoneSimulator.ActiveCfg = Release|Any CPU
		{A1ADBA3C-3D31-44A6-824E-1D408A1D713F}.Release|iPhoneSimulator.Build.0 = Release|Any CPU
		{A1ADBA3C-3D31-44A6-824E-1D408A1D713F}.Release|iPhoneSimulator.Deploy.0 = Release|Any CPU
		{A1ADBA3C-3D31-44A6-824E-1D408A1D713F}.Release|x64.ActiveCfg = Release|Any CPU
		{A1ADBA3C-3D31-44A6-824E-1D408A1D713F}.Release|x64.Build.0 = Release|Any CPU
		{A1ADBA3C-3D31-44A6-824E-1D408A1D713F}.Release|x64.Deploy.0 = Release|Any CPU
		{A1ADBA3C-3D31-44A6-824E-1D408A1D713F}.Release|x86.ActiveCfg = Release|Any CPU
		{A1ADBA3C-3D31-44A6-824E-1D408A1D713F}.Release|x86.Build.0 = Release|Any CPU
		{A1ADBA3C-3D31-44A6-824E-1D408A1D713F}.Release|x86.Deploy.0 = Release|Any CPU
		{C7AA1CBA-0298-4991-9EDC-0891ACBB3883}.Ad-Hoc|Any CPU.ActiveCfg = Ad-Hoc|iPhone
		{C7AA1CBA-0298-4991-9EDC-0891ACBB3883}.Ad-Hoc|Any CPU.Build.0 = Ad-Hoc|iPhone
		{C7AA1CBA-0298-4991-9EDC-0891ACBB3883}.Ad-Hoc|Any CPU.Deploy.0 = Ad-Hoc|iPhone
		{C7AA1CBA-0298-4991-9EDC-0891ACBB3883}.Ad-Hoc|ARM.ActiveCfg = Ad-Hoc|iPhone
		{C7AA1CBA-0298-4991-9EDC-0891ACBB3883}.Ad-Hoc|ARM.Build.0 = Ad-Hoc|iPhone
		{C7AA1CBA-0298-4991-9EDC-0891ACBB3883}.Ad-Hoc|ARM.Deploy.0 = Ad-Hoc|iPhone
		{C7AA1CBA-0298-4991-9EDC-0891ACBB3883}.Ad-Hoc|iPhone.ActiveCfg = Ad-Hoc|iPhone
		{C7AA1CBA-0298-4991-9EDC-0891ACBB3883}.Ad-Hoc|iPhone.Build.0 = Ad-Hoc|iPhone
		{C7AA1CBA-0298-4991-9EDC-0891ACBB3883}.Ad-Hoc|iPhone.Deploy.0 = Ad-Hoc|iPhone
		{C7AA1CBA-0298-4991-9EDC-0891ACBB3883}.Ad-Hoc|iPhoneSimulator.ActiveCfg = Ad-Hoc|iPhoneSimulator
		{C7AA1CBA-0298-4991-9EDC-0891ACBB3883}.Ad-Hoc|iPhoneSimulator.Build.0 = Ad-Hoc|iPhoneSimulator
		{C7AA1CBA-0298-4991-9EDC-0891ACBB3883}.Ad-Hoc|iPhoneSimulator.Deploy.0 = Ad-Hoc|iPhoneSimulator
		{C7AA1CBA-0298-4991-9EDC-0891ACBB3883}.Ad-Hoc|x64.ActiveCfg = Ad-Hoc|iPhone
		{C7AA1CBA-0298-4991-9EDC-0891ACBB3883}.Ad-Hoc|x64.Build.0 = Ad-Hoc|iPhone
		{C7AA1CBA-0298-4991-9EDC-0891ACBB3883}.Ad-Hoc|x64.Deploy.0 = Ad-Hoc|iPhone
		{C7AA1CBA-0298-4991-9EDC-0891ACBB3883}.Ad-Hoc|x86.ActiveCfg = Ad-Hoc|iPhone
		{C7AA1CBA-0298-4991-9EDC-0891ACBB3883}.Ad-Hoc|x86.Build.0 = Ad-Hoc|iPhone
		{C7AA1CBA-0298-4991-9EDC-0891ACBB3883}.Ad-Hoc|x86.Deploy.0 = Ad-Hoc|iPhone
		{C7AA1CBA-0298-4991-9EDC-0891ACBB3883}.AppStore|Any CPU.ActiveCfg = AppStore|iPhone
		{C7AA1CBA-0298-4991-9EDC-0891ACBB3883}.AppStore|Any CPU.Build.0 = AppStore|iPhone
		{C7AA1CBA-0298-4991-9EDC-0891ACBB3883}.AppStore|Any CPU.Deploy.0 = AppStore|iPhone
		{C7AA1CBA-0298-4991-9EDC-0891ACBB3883}.AppStore|ARM.ActiveCfg = AppStore|iPhone
		{C7AA1CBA-0298-4991-9EDC-0891ACBB3883}.AppStore|ARM.Build.0 = AppStore|iPhone
		{C7AA1CBA-0298-4991-9EDC-0891ACBB3883}.AppStore|ARM.Deploy.0 = AppStore|iPhone
		{C7AA1CBA-0298-4991-9EDC-0891ACBB3883}.AppStore|iPhone.ActiveCfg = AppStore|iPhone
		{C7AA1CBA-0298-4991-9EDC-0891ACBB3883}.AppStore|iPhone.Build.0 = AppStore|iPhone
		{C7AA1CBA-0298-4991-9EDC-0891ACBB3883}.AppStore|iPhone.Deploy.0 = AppStore|iPhone
		{C7AA1CBA-0298-4991-9EDC-0891ACBB3883}.AppStore|iPhoneSimulator.ActiveCfg = AppStore|iPhoneSimulator
		{C7AA1CBA-0298-4991-9EDC-0891ACBB3883}.AppStore|iPhoneSimulator.Build.0 = AppStore|iPhoneSimulator
		{C7AA1CBA-0298-4991-9EDC-0891ACBB3883}.AppStore|iPhoneSimulator.Deploy.0 = AppStore|iPhoneSimulator
		{C7AA1CBA-0298-4991-9EDC-0891ACBB3883}.AppStore|x64.ActiveCfg = AppStore|iPhone
		{C7AA1CBA-0298-4991-9EDC-0891ACBB3883}.AppStore|x64.Build.0 = AppStore|iPhone
		{C7AA1CBA-0298-4991-9EDC-0891ACBB3883}.AppStore|x64.Deploy.0 = AppStore|iPhone
		{C7AA1CBA-0298-4991-9EDC-0891ACBB3883}.AppStore|x86.ActiveCfg = AppStore|iPhone
		{C7AA1CBA-0298-4991-9EDC-0891ACBB3883}.AppStore|x86.Build.0 = AppStore|iPhone
		{C7AA1CBA-0298-4991-9EDC-0891ACBB3883}.AppStore|x86.Deploy.0 = AppStore|iPhone
		{C7AA1CBA-0298-4991-9EDC-0891ACBB3883}.Debug|Any CPU.ActiveCfg = Debug|iPhoneSimulator
		{C7AA1CBA-0298-4991-9EDC-0891ACBB3883}.Debug|Any CPU.Build.0 = Debug|iPhoneSimulator
		{C7AA1CBA-0298-4991-9EDC-0891ACBB3883}.Debug|Any CPU.Deploy.0 = Debug|iPhoneSimulator
		{C7AA1CBA-0298-4991-9EDC-0891ACBB3883}.Debug|ARM.ActiveCfg = Debug|iPhone
		{C7AA1CBA-0298-4991-9EDC-0891ACBB3883}.Debug|ARM.Build.0 = Debug|iPhone
		{C7AA1CBA-0298-4991-9EDC-0891ACBB3883}.Debug|ARM.Deploy.0 = Debug|iPhone
		{C7AA1CBA-0298-4991-9EDC-0891ACBB3883}.Debug|iPhone.ActiveCfg = Debug|iPhone
		{C7AA1CBA-0298-4991-9EDC-0891ACBB3883}.Debug|iPhone.Build.0 = Debug|iPhone
		{C7AA1CBA-0298-4991-9EDC-0891ACBB3883}.Debug|iPhone.Deploy.0 = Debug|iPhone
		{C7AA1CBA-0298-4991-9EDC-0891ACBB3883}.Debug|iPhoneSimulator.ActiveCfg = Debug|iPhoneSimulator
		{C7AA1CBA-0298-4991-9EDC-0891ACBB3883}.Debug|iPhoneSimulator.Build.0 = Debug|iPhoneSimulator
		{C7AA1CBA-0298-4991-9EDC-0891ACBB3883}.Debug|iPhoneSimulator.Deploy.0 = Debug|iPhoneSimulator
		{C7AA1CBA-0298-4991-9EDC-0891ACBB3883}.Debug|x64.ActiveCfg = Debug|iPhone
		{C7AA1CBA-0298-4991-9EDC-0891ACBB3883}.Debug|x64.Build.0 = Debug|iPhone
		{C7AA1CBA-0298-4991-9EDC-0891ACBB3883}.Debug|x64.Deploy.0 = Debug|iPhone
		{C7AA1CBA-0298-4991-9EDC-0891ACBB3883}.Debug|x86.ActiveCfg = Debug|iPhone
		{C7AA1CBA-0298-4991-9EDC-0891ACBB3883}.Debug|x86.Build.0 = Debug|iPhone
		{C7AA1CBA-0298-4991-9EDC-0891ACBB3883}.Debug|x86.Deploy.0 = Debug|iPhone
		{C7AA1CBA-0298-4991-9EDC-0891ACBB3883}.Release|Any CPU.ActiveCfg = Release|iPhone
		{C7AA1CBA-0298-4991-9EDC-0891ACBB3883}.Release|Any CPU.Build.0 = Release|iPhone
		{C7AA1CBA-0298-4991-9EDC-0891ACBB3883}.Release|Any CPU.Deploy.0 = Release|iPhone
		{C7AA1CBA-0298-4991-9EDC-0891ACBB3883}.Release|ARM.ActiveCfg = Release|iPhone
		{C7AA1CBA-0298-4991-9EDC-0891ACBB3883}.Release|ARM.Build.0 = Release|iPhone
		{C7AA1CBA-0298-4991-9EDC-0891ACBB3883}.Release|ARM.Deploy.0 = Release|iPhone
		{C7AA1CBA-0298-4991-9EDC-0891ACBB3883}.Release|iPhone.ActiveCfg = Release|iPhone
		{C7AA1CBA-0298-4991-9EDC-0891ACBB3883}.Release|iPhone.Build.0 = Release|iPhone
		{C7AA1CBA-0298-4991-9EDC-0891ACBB3883}.Release|iPhone.Deploy.0 = Release|iPhone
		{C7AA1CBA-0298-4991-9EDC-0891ACBB3883}.Release|iPhoneSimulator.ActiveCfg = Release|iPhoneSimulator
		{C7AA1CBA-0298-4991-9EDC-0891ACBB3883}.Release|iPhoneSimulator.Build.0 = Release|iPhoneSimulator
		{C7AA1CBA-0298-4991-9EDC-0891ACBB3883}.Release|iPhoneSimulator.Deploy.0 = Release|iPhoneSimulator
		{C7AA1CBA-0298-4991-9EDC-0891ACBB3883}.Release|x64.ActiveCfg = Release|iPhone
		{C7AA1CBA-0298-4991-9EDC-0891ACBB3883}.Release|x64.Build.0 = Release|iPhone
		{C7AA1CBA-0298-4991-9EDC-0891ACBB3883}.Release|x64.Deploy.0 = Release|iPhone
		{C7AA1CBA-0298-4991-9EDC-0891ACBB3883}.Release|x86.ActiveCfg = Release|iPhone
		{C7AA1CBA-0298-4991-9EDC-0891ACBB3883}.Release|x86.Build.0 = Release|iPhone
		{C7AA1CBA-0298-4991-9EDC-0891ACBB3883}.Release|x86.Deploy.0 = Release|iPhone
		{29649C6E-5ADD-494B-B54C-A52D1162C778}.Ad-Hoc|Any CPU.ActiveCfg = Debug|Any CPU
		{29649C6E-5ADD-494B-B54C-A52D1162C778}.Ad-Hoc|Any CPU.Build.0 = Debug|Any CPU
		{29649C6E-5ADD-494B-B54C-A52D1162C778}.Ad-Hoc|Any CPU.Deploy.0 = Debug|Any CPU
		{29649C6E-5ADD-494B-B54C-A52D1162C778}.Ad-Hoc|ARM.ActiveCfg = Debug|Any CPU
		{29649C6E-5ADD-494B-B54C-A52D1162C778}.Ad-Hoc|ARM.Build.0 = Debug|Any CPU
		{29649C6E-5ADD-494B-B54C-A52D1162C778}.Ad-Hoc|ARM.Deploy.0 = Debug|Any CPU
		{29649C6E-5ADD-494B-B54C-A52D1162C778}.Ad-Hoc|iPhone.ActiveCfg = Debug|Any CPU
		{29649C6E-5ADD-494B-B54C-A52D1162C778}.Ad-Hoc|iPhone.Build.0 = Debug|Any CPU
		{29649C6E-5ADD-494B-B54C-A52D1162C778}.Ad-Hoc|iPhone.Deploy.0 = Debug|Any CPU
		{29649C6E-5ADD-494B-B54C-A52D1162C778}.Ad-Hoc|iPhoneSimulator.ActiveCfg = Debug|Any CPU
		{29649C6E-5ADD-494B-B54C-A52D1162C778}.Ad-Hoc|iPhoneSimulator.Build.0 = Debug|Any CPU
		{29649C6E-5ADD-494B-B54C-A52D1162C778}.Ad-Hoc|iPhoneSimulator.Deploy.0 = Debug|Any CPU
		{29649C6E-5ADD-494B-B54C-A52D1162C778}.Ad-Hoc|x64.ActiveCfg = Debug|Any CPU
		{29649C6E-5ADD-494B-B54C-A52D1162C778}.Ad-Hoc|x64.Build.0 = Debug|Any CPU
		{29649C6E-5ADD-494B-B54C-A52D1162C778}.Ad-Hoc|x64.Deploy.0 = Debug|Any CPU
		{29649C6E-5ADD-494B-B54C-A52D1162C778}.Ad-Hoc|x86.ActiveCfg = Debug|Any CPU
		{29649C6E-5ADD-494B-B54C-A52D1162C778}.Ad-Hoc|x86.Build.0 = Debug|Any CPU
		{29649C6E-5ADD-494B-B54C-A52D1162C778}.Ad-Hoc|x86.Deploy.0 = Debug|Any CPU
		{29649C6E-5ADD-494B-B54C-A52D1162C778}.AppStore|Any CPU.ActiveCfg = Debug|Any CPU
		{29649C6E-5ADD-494B-B54C-A52D1162C778}.AppStore|Any CPU.Build.0 = Debug|Any CPU
		{29649C6E-5ADD-494B-B54C-A52D1162C778}.AppStore|Any CPU.Deploy.0 = Debug|Any CPU
		{29649C6E-5ADD-494B-B54C-A52D1162C778}.AppStore|ARM.ActiveCfg = Debug|Any CPU
		{29649C6E-5ADD-494B-B54C-A52D1162C778}.AppStore|ARM.Build.0 = Debug|Any CPU
		{29649C6E-5ADD-494B-B54C-A52D1162C778}.AppStore|ARM.Deploy.0 = Debug|Any CPU
		{29649C6E-5ADD-494B-B54C-A52D1162C778}.AppStore|iPhone.ActiveCfg = Debug|Any CPU
		{29649C6E-5ADD-494B-B54C-A52D1162C778}.AppStore|iPhone.Build.0 = Debug|Any CPU
		{29649C6E-5ADD-494B-B54C-A52D1162C778}.AppStore|iPhone.Deploy.0 = Debug|Any CPU
		{29649C6E-5ADD-494B-B54C-A52D1162C778}.AppStore|iPhoneSimulator.ActiveCfg = Debug|Any CPU
		{29649C6E-5ADD-494B-B54C-A52D1162C778}.AppStore|iPhoneSimulator.Build.0 = Debug|Any CPU
		{29649C6E-5ADD-494B-B54C-A52D1162C778}.AppStore|iPhoneSimulator.Deploy.0 = Debug|Any CPU
		{29649C6E-5ADD-494B-B54C-A52D1162C778}.AppStore|x64.ActiveCfg = Debug|Any CPU
		{29649C6E-5ADD-494B-B54C-A52D1162C778}.AppStore|x64.Build.0 = Debug|Any CPU
		{29649C6E-5ADD-494B-B54C-A52D1162C778}.AppStore|x64.Deploy.0 = Debug|Any CPU
		{29649C6E-5ADD-494B-B54C-A52D1162C778}.AppStore|x86.ActiveCfg = Debug|Any CPU
		{29649C6E-5ADD-494B-B54C-A52D1162C778}.AppStore|x86.Build.0 = Debug|Any CPU
		{29649C6E-5ADD-494B-B54C-A52D1162C778}.AppStore|x86.Deploy.0 = Debug|Any CPU
		{29649C6E-5ADD-494B-B54C-A52D1162C778}.Debug|Any CPU.ActiveCfg = Debug|Any CPU
		{29649C6E-5ADD-494B-B54C-A52D1162C778}.Debug|Any CPU.Build.0 = Debug|Any CPU
		{29649C6E-5ADD-494B-B54C-A52D1162C778}.Debug|Any CPU.Deploy.0 = Debug|Any CPU
		{29649C6E-5ADD-494B-B54C-A52D1162C778}.Debug|ARM.ActiveCfg = Debug|Any CPU
		{29649C6E-5ADD-494B-B54C-A52D1162C778}.Debug|ARM.Build.0 = Debug|Any CPU
		{29649C6E-5ADD-494B-B54C-A52D1162C778}.Debug|ARM.Deploy.0 = Debug|Any CPU
		{29649C6E-5ADD-494B-B54C-A52D1162C778}.Debug|iPhone.ActiveCfg = Debug|Any CPU
		{29649C6E-5ADD-494B-B54C-A52D1162C778}.Debug|iPhone.Build.0 = Debug|Any CPU
		{29649C6E-5ADD-494B-B54C-A52D1162C778}.Debug|iPhone.Deploy.0 = Debug|Any CPU
		{29649C6E-5ADD-494B-B54C-A52D1162C778}.Debug|iPhoneSimulator.ActiveCfg = Debug|Any CPU
		{29649C6E-5ADD-494B-B54C-A52D1162C778}.Debug|iPhoneSimulator.Build.0 = Debug|Any CPU
		{29649C6E-5ADD-494B-B54C-A52D1162C778}.Debug|iPhoneSimulator.Deploy.0 = Debug|Any CPU
		{29649C6E-5ADD-494B-B54C-A52D1162C778}.Debug|x64.ActiveCfg = Debug|Any CPU
		{29649C6E-5ADD-494B-B54C-A52D1162C778}.Debug|x64.Build.0 = Debug|Any CPU
		{29649C6E-5ADD-494B-B54C-A52D1162C778}.Debug|x64.Deploy.0 = Debug|Any CPU
		{29649C6E-5ADD-494B-B54C-A52D1162C778}.Debug|x86.ActiveCfg = Debug|Any CPU
		{29649C6E-5ADD-494B-B54C-A52D1162C778}.Debug|x86.Build.0 = Debug|Any CPU
		{29649C6E-5ADD-494B-B54C-A52D1162C778}.Debug|x86.Deploy.0 = Debug|Any CPU
		{29649C6E-5ADD-494B-B54C-A52D1162C778}.Release|Any CPU.ActiveCfg = Release|Any CPU
		{29649C6E-5ADD-494B-B54C-A52D1162C778}.Release|Any CPU.Build.0 = Release|Any CPU
		{29649C6E-5ADD-494B-B54C-A52D1162C778}.Release|Any CPU.Deploy.0 = Release|Any CPU
		{29649C6E-5ADD-494B-B54C-A52D1162C778}.Release|ARM.ActiveCfg = Release|Any CPU
		{29649C6E-5ADD-494B-B54C-A52D1162C778}.Release|ARM.Build.0 = Release|Any CPU
		{29649C6E-5ADD-494B-B54C-A52D1162C778}.Release|ARM.Deploy.0 = Release|Any CPU
		{29649C6E-5ADD-494B-B54C-A52D1162C778}.Release|iPhone.ActiveCfg = Release|Any CPU
		{29649C6E-5ADD-494B-B54C-A52D1162C778}.Release|iPhone.Build.0 = Release|Any CPU
		{29649C6E-5ADD-494B-B54C-A52D1162C778}.Release|iPhone.Deploy.0 = Release|Any CPU
		{29649C6E-5ADD-494B-B54C-A52D1162C778}.Release|iPhoneSimulator.ActiveCfg = Release|Any CPU
		{29649C6E-5ADD-494B-B54C-A52D1162C778}.Release|iPhoneSimulator.Build.0 = Release|Any CPU
		{29649C6E-5ADD-494B-B54C-A52D1162C778}.Release|iPhoneSimulator.Deploy.0 = Release|Any CPU
		{29649C6E-5ADD-494B-B54C-A52D1162C778}.Release|x64.ActiveCfg = Release|Any CPU
		{29649C6E-5ADD-494B-B54C-A52D1162C778}.Release|x64.Build.0 = Release|Any CPU
		{29649C6E-5ADD-494B-B54C-A52D1162C778}.Release|x64.Deploy.0 = Release|Any CPU
		{29649C6E-5ADD-494B-B54C-A52D1162C778}.Release|x86.ActiveCfg = Release|Any CPU
		{29649C6E-5ADD-494B-B54C-A52D1162C778}.Release|x86.Build.0 = Release|Any CPU
		{29649C6E-5ADD-494B-B54C-A52D1162C778}.Release|x86.Deploy.0 = Release|Any CPU
	EndGlobalSection
	GlobalSection(SolutionProperties) = preSolution
		HideSolutionNode = FALSE
	EndGlobalSection
	GlobalSection(ExtensibilityGlobals) = postSolution
		SolutionGuid = {30F42768-B58D-4662-80B1-F5D8AE71F8E4}
	EndGlobalSection
EndGlobal
